// !$*UTF8*$!
{
	archiveVersion = 1;
	classes = {
	};
	objectVersion = 50;
	objects = {

/* Begin PBXBuildFile section */
		B2CCABC1242C3CC500B09164 /* SpriteKitExtensions.h in Headers */ = {isa = PBXBuildFile; fileRef = B2CCABBF242C3CC500B09164 /* SpriteKitExtensions.h */; settings = {ATTRIBUTES = (Public, ); }; };
		B2CCABDE242C40A100B09164 /* StackNode.swift in Sources */ = {isa = PBXBuildFile; fileRef = B2CCABDC242C40A000B09164 /* StackNode.swift */; };
		B2CCABDF242C40A100B09164 /* CollectionNode.swift in Sources */ = {isa = PBXBuildFile; fileRef = B2CCABDD242C40A000B09164 /* CollectionNode.swift */; };
		B2CCABE1242C40F100B09164 /* Button.swift in Sources */ = {isa = PBXBuildFile; fileRef = B2CCABE0242C40F100B09164 /* Button.swift */; };
		B2CCABE3242C40FF00B09164 /* Switch.swift in Sources */ = {isa = PBXBuildFile; fileRef = B2CCABE2242C40FF00B09164 /* Switch.swift */; };
		B2CCABE6242C547D00B09164 /* ControlTypes.swift in Sources */ = {isa = PBXBuildFile; fileRef = B2CCABE5242C547D00B09164 /* ControlTypes.swift */; };
		B2CCABE8242C54AB00B09164 /* ControlHelpers.swift in Sources */ = {isa = PBXBuildFile; fileRef = B2CCABE7242C54AB00B09164 /* ControlHelpers.swift */; };
		B2CCABEA242C54E000B09164 /* Control.swift in Sources */ = {isa = PBXBuildFile; fileRef = B2CCABE9242C54E000B09164 /* Control.swift */; };
/* End PBXBuildFile section */

/* Begin PBXFileReference section */
		B2CCABBC242C3CC500B09164 /* SpriteKitExtensions.framework */ = {isa = PBXFileReference; explicitFileType = wrapper.framework; includeInIndex = 0; path = SpriteKitExtensions.framework; sourceTree = BUILT_PRODUCTS_DIR; };
		B2CCABBF242C3CC500B09164 /* SpriteKitExtensions.h */ = {isa = PBXFileReference; lastKnownFileType = sourcecode.c.h; path = SpriteKitExtensions.h; sourceTree = "<group>"; };
		B2CCABC0242C3CC500B09164 /* Info.plist */ = {isa = PBXFileReference; lastKnownFileType = text.plist.xml; path = Info.plist; sourceTree = "<group>"; };
		B2CCABDC242C40A000B09164 /* StackNode.swift */ = {isa = PBXFileReference; fileEncoding = 4; lastKnownFileType = sourcecode.swift; path = StackNode.swift; sourceTree = "<group>"; };
		B2CCABDD242C40A000B09164 /* CollectionNode.swift */ = {isa = PBXFileReference; fileEncoding = 4; lastKnownFileType = sourcecode.swift; path = CollectionNode.swift; sourceTree = "<group>"; };
		B2CCABE0242C40F100B09164 /* Button.swift */ = {isa = PBXFileReference; lastKnownFileType = sourcecode.swift; path = Button.swift; sourceTree = "<group>"; };
		B2CCABE2242C40FF00B09164 /* Switch.swift */ = {isa = PBXFileReference; lastKnownFileType = sourcecode.swift; path = Switch.swift; sourceTree = "<group>"; };
		B2CCABE5242C547D00B09164 /* ControlTypes.swift */ = {isa = PBXFileReference; lastKnownFileType = sourcecode.swift; path = ControlTypes.swift; sourceTree = "<group>"; };
		B2CCABE7242C54AB00B09164 /* ControlHelpers.swift */ = {isa = PBXFileReference; lastKnownFileType = sourcecode.swift; path = ControlHelpers.swift; sourceTree = "<group>"; };
		B2CCABE9242C54E000B09164 /* Control.swift */ = {isa = PBXFileReference; lastKnownFileType = sourcecode.swift; path = Control.swift; sourceTree = "<group>"; };
/* End PBXFileReference section */

/* Begin PBXFrameworksBuildPhase section */
		B2CCABB9242C3CC500B09164 /* Frameworks */ = {
			isa = PBXFrameworksBuildPhase;
			buildActionMask = 2147483647;
			files = (
			);
			runOnlyForDeploymentPostprocessing = 0;
		};
/* End PBXFrameworksBuildPhase section */

/* Begin PBXGroup section */
		B2CCABB2242C3CC500B09164 = {
			isa = PBXGroup;
			children = (
				B2CCABBE242C3CC500B09164 /* SpriteKitExtensions */,
				B2CCABBD242C3CC500B09164 /* Products */,
			);
			sourceTree = "<group>";
		};
		B2CCABBD242C3CC500B09164 /* Products */ = {
			isa = PBXGroup;
			children = (
				B2CCABBC242C3CC500B09164 /* SpriteKitExtensions.framework */,
			);
			name = Products;
			sourceTree = "<group>";
		};
		B2CCABBE242C3CC500B09164 /* SpriteKitExtensions */ = {
			isa = PBXGroup;
			children = (
				B2CCABDA242C40A000B09164 /* Controls */,
				B2CCABDB242C40A000B09164 /* Structure */,
				B2CCABBF242C3CC500B09164 /* SpriteKitExtensions.h */,
				B2CCABC0242C3CC500B09164 /* Info.plist */,
			);
			path = SpriteKitExtensions;
			sourceTree = "<group>";
		};
		B2CCABDA242C40A000B09164 /* Controls */ = {
			isa = PBXGroup;
			children = (
				B2CCABE0242C40F100B09164 /* Button.swift */,
				B2CCABE9242C54E000B09164 /* Control.swift */,
				B2CCABE5242C547D00B09164 /* ControlTypes.swift */,
				B2CCABE2242C40FF00B09164 /* Switch.swift */,
				B2CCABE7242C54AB00B09164 /* ControlHelpers.swift */,
			);
			path = Controls;
			sourceTree = "<group>";
		};
		B2CCABDB242C40A000B09164 /* Structure */ = {
			isa = PBXGroup;
			children = (
				B2CCABDC242C40A000B09164 /* StackNode.swift */,
				B2CCABDD242C40A000B09164 /* CollectionNode.swift */,
			);
			path = Structure;
			sourceTree = "<group>";
		};
/* End PBXGroup section */

/* Begin PBXHeadersBuildPhase section */
		B2CCABB7242C3CC500B09164 /* Headers */ = {
			isa = PBXHeadersBuildPhase;
			buildActionMask = 2147483647;
			files = (
				B2CCABC1242C3CC500B09164 /* SpriteKitExtensions.h in Headers */,
			);
			runOnlyForDeploymentPostprocessing = 0;
		};
/* End PBXHeadersBuildPhase section */

/* Begin PBXNativeTarget section */
		B2CCABBB242C3CC500B09164 /* SpriteKitExtensions */ = {
			isa = PBXNativeTarget;
			buildConfigurationList = B2CCABC4242C3CC500B09164 /* Build configuration list for PBXNativeTarget "SpriteKitExtensions" */;
			buildPhases = (
				B2CCABB7242C3CC500B09164 /* Headers */,
				B2CCABB8242C3CC500B09164 /* Sources */,
				B2CCABB9242C3CC500B09164 /* Frameworks */,
				B2CCABBA242C3CC500B09164 /* Resources */,
			);
			buildRules = (
			);
			dependencies = (
			);
			name = SpriteKitExtensions;
			productName = SpriteKitExtensions;
			productReference = B2CCABBC242C3CC500B09164 /* SpriteKitExtensions.framework */;
			productType = "com.apple.product-type.framework";
		};
/* End PBXNativeTarget section */

/* Begin PBXProject section */
		B2CCABB3242C3CC500B09164 /* Project object */ = {
			isa = PBXProject;
			attributes = {
				LastUpgradeCheck = 1110;
				ORGANIZATIONNAME = Ankith;
				TargetAttributes = {
					B2CCABBB242C3CC500B09164 = {
						CreatedOnToolsVersion = 11.1;
					};
				};
			};
			buildConfigurationList = B2CCABB6242C3CC500B09164 /* Build configuration list for PBXProject "SpriteKitExtensions" */;
			compatibilityVersion = "Xcode 9.3";
			developmentRegion = en;
			hasScannedForEncodings = 0;
			knownRegions = (
				en,
				Base,
			);
			mainGroup = B2CCABB2242C3CC500B09164;
			productRefGroup = B2CCABBD242C3CC500B09164 /* Products */;
			projectDirPath = "";
			projectRoot = "";
			targets = (
				B2CCABBB242C3CC500B09164 /* SpriteKitExtensions */,
			);
		};
/* End PBXProject section */

/* Begin PBXResourcesBuildPhase section */
		B2CCABBA242C3CC500B09164 /* Resources */ = {
			isa = PBXResourcesBuildPhase;
			buildActionMask = 2147483647;
			files = (
			);
			runOnlyForDeploymentPostprocessing = 0;
		};
/* End PBXResourcesBuildPhase section */

/* Begin PBXSourcesBuildPhase section */
		B2CCABB8242C3CC500B09164 /* Sources */ = {
			isa = PBXSourcesBuildPhase;
			buildActionMask = 2147483647;
			files = (
				B2CCABDE242C40A100B09164 /* StackNode.swift in Sources */,
				B2CCABE6242C547D00B09164 /* ControlTypes.swift in Sources */,
				B2CCABEA242C54E000B09164 /* Control.swift in Sources */,
				B2CCABE3242C40FF00B09164 /* Switch.swift in Sources */,
				B2CCABE1242C40F100B09164 /* Button.swift in Sources */,
				B2CCABDF242C40A100B09164 /* CollectionNode.swift in Sources */,
				B2CCABE8242C54AB00B09164 /* ControlHelpers.swift in Sources */,
			);
			runOnlyForDeploymentPostprocessing = 0;
		};
/* End PBXSourcesBuildPhase section */

/* Begin XCBuildConfiguration section */
		B2CCABC2242C3CC500B09164 /* Debug */ = {
			isa = XCBuildConfiguration;
			buildSettings = {
				ALWAYS_SEARCH_USER_PATHS = NO;
				CLANG_ANALYZER_NONNULL = YES;
				CLANG_ANALYZER_NUMBER_OBJECT_CONVERSION = YES_AGGRESSIVE;
				CLANG_CXX_LANGUAGE_STANDARD = "gnu++14";
				CLANG_CXX_LIBRARY = "libc++";
				CLANG_ENABLE_MODULES = YES;
				CLANG_ENABLE_OBJC_ARC = YES;
				CLANG_ENABLE_OBJC_WEAK = YES;
				CLANG_WARN_BLOCK_CAPTURE_AUTORELEASING = YES;
				CLANG_WARN_BOOL_CONVERSION = YES;
				CLANG_WARN_COMMA = YES;
				CLANG_WARN_CONSTANT_CONVERSION = YES;
				CLANG_WARN_DEPRECATED_OBJC_IMPLEMENTATIONS = YES;
				CLANG_WARN_DIRECT_OBJC_ISA_USAGE = YES_ERROR;
				CLANG_WARN_DOCUMENTATION_COMMENTS = YES;
				CLANG_WARN_EMPTY_BODY = YES;
				CLANG_WARN_ENUM_CONVERSION = YES;
				CLANG_WARN_INFINITE_RECURSION = YES;
				CLANG_WARN_INT_CONVERSION = YES;
				CLANG_WARN_NON_LITERAL_NULL_CONVERSION = YES;
				CLANG_WARN_OBJC_IMPLICIT_RETAIN_SELF = YES;
				CLANG_WARN_OBJC_LITERAL_CONVERSION = YES;
				CLANG_WARN_OBJC_ROOT_CLASS = YES_ERROR;
				CLANG_WARN_RANGE_LOOP_ANALYSIS = YES;
				CLANG_WARN_STRICT_PROTOTYPES = YES;
				CLANG_WARN_SUSPICIOUS_MOVE = YES;
				CLANG_WARN_UNGUARDED_AVAILABILITY = YES_AGGRESSIVE;
				CLANG_WARN_UNREACHABLE_CODE = YES;
				CLANG_WARN__DUPLICATE_METHOD_MATCH = YES;
				COPY_PHASE_STRIP = NO;
				CURRENT_PROJECT_VERSION = 1;
				DEBUG_INFORMATION_FORMAT = dwarf;
				ENABLE_STRICT_OBJC_MSGSEND = YES;
				ENABLE_TESTABILITY = YES;
				GCC_C_LANGUAGE_STANDARD = gnu11;
				GCC_DYNAMIC_NO_PIC = NO;
				GCC_NO_COMMON_BLOCKS = YES;
				GCC_OPTIMIZATION_LEVEL = 0;
				GCC_PREPROCESSOR_DEFINITIONS = (
					"DEBUG=1",
					"$(inherited)",
				);
				GCC_WARN_64_TO_32_BIT_CONVERSION = YES;
				GCC_WARN_ABOUT_RETURN_TYPE = YES_ERROR;
				GCC_WARN_UNDECLARED_SELECTOR = YES;
				GCC_WARN_UNINITIALIZED_AUTOS = YES_AGGRESSIVE;
				GCC_WARN_UNUSED_FUNCTION = YES;
				GCC_WARN_UNUSED_VARIABLE = YES;
				IPHONEOS_DEPLOYMENT_TARGET = 13.4;
				MTL_ENABLE_DEBUG_INFO = INCLUDE_SOURCE;
				MTL_FAST_MATH = YES;
				ONLY_ACTIVE_ARCH = YES;
				SDKROOT = iphoneos;
				SWIFT_ACTIVE_COMPILATION_CONDITIONS = DEBUG;
				SWIFT_OPTIMIZATION_LEVEL = "-Onone";
				VERSIONING_SYSTEM = "apple-generic";
				VERSION_INFO_PREFIX = "";
			};
			name = Debug;
		};
		B2CCABC3242C3CC500B09164 /* Release */ = {
			isa = XCBuildConfiguration;
			buildSettings = {
				ALWAYS_SEARCH_USER_PATHS = NO;
				CLANG_ANALYZER_NONNULL = YES;
				CLANG_ANALYZER_NUMBER_OBJECT_CONVERSION = YES_AGGRESSIVE;
				CLANG_CXX_LANGUAGE_STANDARD = "gnu++14";
				CLANG_CXX_LIBRARY = "libc++";
				CLANG_ENABLE_MODULES = YES;
				CLANG_ENABLE_OBJC_ARC = YES;
				CLANG_ENABLE_OBJC_WEAK = YES;
				CLANG_WARN_BLOCK_CAPTURE_AUTORELEASING = YES;
				CLANG_WARN_BOOL_CONVERSION = YES;
				CLANG_WARN_COMMA = YES;
				CLANG_WARN_CONSTANT_CONVERSION = YES;
				CLANG_WARN_DEPRECATED_OBJC_IMPLEMENTATIONS = YES;
				CLANG_WARN_DIRECT_OBJC_ISA_USAGE = YES_ERROR;
				CLANG_WARN_DOCUMENTATION_COMMENTS = YES;
				CLANG_WARN_EMPTY_BODY = YES;
				CLANG_WARN_ENUM_CONVERSION = YES;
				CLANG_WARN_INFINITE_RECURSION = YES;
				CLANG_WARN_INT_CONVERSION = YES;
				CLANG_WARN_NON_LITERAL_NULL_CONVERSION = YES;
				CLANG_WARN_OBJC_IMPLICIT_RETAIN_SELF = YES;
				CLANG_WARN_OBJC_LITERAL_CONVERSION = YES;
				CLANG_WARN_OBJC_ROOT_CLASS = YES_ERROR;
				CLANG_WARN_RANGE_LOOP_ANALYSIS = YES;
				CLANG_WARN_STRICT_PROTOTYPES = YES;
				CLANG_WARN_SUSPICIOUS_MOVE = YES;
				CLANG_WARN_UNGUARDED_AVAILABILITY = YES_AGGRESSIVE;
				CLANG_WARN_UNREACHABLE_CODE = YES;
				CLANG_WARN__DUPLICATE_METHOD_MATCH = YES;
				COPY_PHASE_STRIP = NO;
				CURRENT_PROJECT_VERSION = 1;
				DEBUG_INFORMATION_FORMAT = "dwarf-with-dsym";
				ENABLE_NS_ASSERTIONS = NO;
				ENABLE_STRICT_OBJC_MSGSEND = YES;
				GCC_C_LANGUAGE_STANDARD = gnu11;
				GCC_NO_COMMON_BLOCKS = YES;
				GCC_WARN_64_TO_32_BIT_CONVERSION = YES;
				GCC_WARN_ABOUT_RETURN_TYPE = YES_ERROR;
				GCC_WARN_UNDECLARED_SELECTOR = YES;
				GCC_WARN_UNINITIALIZED_AUTOS = YES_AGGRESSIVE;
				GCC_WARN_UNUSED_FUNCTION = YES;
				GCC_WARN_UNUSED_VARIABLE = YES;
				IPHONEOS_DEPLOYMENT_TARGET = 13.4;
				MTL_ENABLE_DEBUG_INFO = NO;
				MTL_FAST_MATH = YES;
				SDKROOT = iphoneos;
				SWIFT_COMPILATION_MODE = wholemodule;
				SWIFT_OPTIMIZATION_LEVEL = "-O";
				VALIDATE_PRODUCT = YES;
				VERSIONING_SYSTEM = "apple-generic";
				VERSION_INFO_PREFIX = "";
			};
			name = Release;
		};
		B2CCABC5242C3CC500B09164 /* Debug */ = {
			isa = XCBuildConfiguration;
			buildSettings = {
				CODE_SIGN_STYLE = Automatic;
				DEFINES_MODULE = YES;
				DEVELOPMENT_TEAM = 3U3SNC9LRZ;
				DYLIB_COMPATIBILITY_VERSION = 1;
				DYLIB_CURRENT_VERSION = 1;
				DYLIB_INSTALL_NAME_BASE = "@rpath";
				INFOPLIST_FILE = SpriteKitExtensions/Info.plist;
				INSTALL_PATH = "$(LOCAL_LIBRARY_DIR)/Frameworks";
				LD_RUNPATH_SEARCH_PATHS = (
					"$(inherited)",
					"@executable_path/Frameworks",
					"@loader_path/Frameworks",
				);
				PRODUCT_BUNDLE_IDENTIFIER = monkeyank.SpriteKitExtensions;
				PRODUCT_NAME = "$(TARGET_NAME:c99extidentifier)";
				SKIP_INSTALL = YES;
				SUPPORTS_MACCATALYST = YES;
				SWIFT_VERSION = 5.0;
				TARGETED_DEVICE_FAMILY = "1,2";
			};
			name = Debug;
		};
		B2CCABC6242C3CC500B09164 /* Release */ = {
			isa = XCBuildConfiguration;
			buildSettings = {
				CODE_SIGN_STYLE = Automatic;
				DEFINES_MODULE = YES;
				DEVELOPMENT_TEAM = 3U3SNC9LRZ;
				DYLIB_COMPATIBILITY_VERSION = 1;
				DYLIB_CURRENT_VERSION = 1;
				DYLIB_INSTALL_NAME_BASE = "@rpath";
				INFOPLIST_FILE = SpriteKitExtensions/Info.plist;
				INSTALL_PATH = "$(LOCAL_LIBRARY_DIR)/Frameworks";
				LD_RUNPATH_SEARCH_PATHS = (
					"$(inherited)",
					"@executable_path/Frameworks",
					"@loader_path/Frameworks",
				);
				PRODUCT_BUNDLE_IDENTIFIER = monkeyank.SpriteKitExtensions;
				PRODUCT_NAME = "$(TARGET_NAME:c99extidentifier)";
				SKIP_INSTALL = YES;
				SUPPORTS_MACCATALYST = YES;
				SWIFT_VERSION = 5.0;
				TARGETED_DEVICE_FAMILY = "1,2";
			};
			name = Release;
		};
/* End XCBuildConfiguration section */

/* Begin XCConfigurationList section */
		B2CCABB6242C3CC500B09164 /* Build configuration list for PBXProject "SpriteKitExtensions" */ = {
			isa = XCConfigurationList;
			buildConfigurations = (
				B2CCABC2242C3CC500B09164 /* Debug */,
				B2CCABC3242C3CC500B09164 /* Release */,
			);
			defaultConfigurationIsVisible = 0;
			defaultConfigurationName = Release;
		};
		B2CCABC4242C3CC500B09164 /* Build configuration list for PBXNativeTarget "SpriteKitExtensions" */ = {
			isa = XCConfigurationList;
			buildConfigurations = (
				B2CCABC5242C3CC500B09164 /* Debug */,
				B2CCABC6242C3CC500B09164 /* Release */,
			);
			defaultConfigurationIsVisible = 0;
			defaultConfigurationName = Release;
		};
/* End XCConfigurationList section */
	};
	rootObject = B2CCABB3242C3CC500B09164 /* Project object */;
}
