// !$*UTF8*$!
{
	archiveVersion = 1;
	classes = {
	};
	objectVersion = 50;
	objects = {

/* Begin PBXBuildFile section */
		B2296A262427F14F00362B05 /* AppDelegate.swift in Sources */ = {isa = PBXBuildFile; fileRef = B2296A252427F14F00362B05 /* AppDelegate.swift */; };
		B2296A332427F15100362B05 /* Assets.xcassets in Resources */ = {isa = PBXBuildFile; fileRef = B2296A322427F15100362B05 /* Assets.xcassets */; };
		B2296A362427F15100362B05 /* LaunchScreen.storyboard in Resources */ = {isa = PBXBuildFile; fileRef = B2296A342427F15100362B05 /* LaunchScreen.storyboard */; };
		B24E32DE242801B400698A95 /* Shape.swift in Sources */ = {isa = PBXBuildFile; fileRef = B24E32DD242801B400698A95 /* Shape.swift */; };
		B262EB3124286CCD0065787C /* ShapeTypeTrajectories.swift in Sources */ = {isa = PBXBuildFile; fileRef = B262EB3024286CCD0065787C /* ShapeTypeTrajectories.swift */; };
		B262EB3324286D5C0065787C /* ShapeTypeProperties.swift in Sources */ = {isa = PBXBuildFile; fileRef = B262EB3224286D5C0065787C /* ShapeTypeProperties.swift */; };
		B262EB3524286D700065787C /* ShapeTypes.swift in Sources */ = {isa = PBXBuildFile; fileRef = B262EB3424286D700065787C /* ShapeTypes.swift */; };
		B2C82B16242A9B7D0081AE00 /* SKColor+Extensions.swift in Sources */ = {isa = PBXBuildFile; fileRef = B2C82B0A242A9B7D0081AE00 /* SKColor+Extensions.swift */; };
		B2C82B17242A9B7D0081AE00 /* CGVector+Extensions.swift in Sources */ = {isa = PBXBuildFile; fileRef = B2C82B0B242A9B7D0081AE00 /* CGVector+Extensions.swift */; };
		B2C82B18242A9B7D0081AE00 /* Int+Extensions.swift in Sources */ = {isa = PBXBuildFile; fileRef = B2C82B0C242A9B7D0081AE00 /* Int+Extensions.swift */; };
		B2C82B19242A9B7D0081AE00 /* SKTTimingFunctions.swift in Sources */ = {isa = PBXBuildFile; fileRef = B2C82B0D242A9B7D0081AE00 /* SKTTimingFunctions.swift */; };
		B2C82B1A242A9B7D0081AE00 /* SKAction+Extensions.swift in Sources */ = {isa = PBXBuildFile; fileRef = B2C82B0E242A9B7D0081AE00 /* SKAction+Extensions.swift */; };
		B2C82B1B242A9B7D0081AE00 /* SKAction+SpecialEffects.swift in Sources */ = {isa = PBXBuildFile; fileRef = B2C82B0F242A9B7D0081AE00 /* SKAction+SpecialEffects.swift */; };
		B2C82B1C242A9B7D0081AE00 /* SKNode+Extensions.swift in Sources */ = {isa = PBXBuildFile; fileRef = B2C82B10242A9B7D0081AE00 /* SKNode+Extensions.swift */; };
		B2C82B1D242A9B7D0081AE00 /* CGPoint+Extensions.swift in Sources */ = {isa = PBXBuildFile; fileRef = B2C82B11242A9B7D0081AE00 /* CGPoint+Extensions.swift */; };
		B2C82B1E242A9B7D0081AE00 /* SKTEffects.swift in Sources */ = {isa = PBXBuildFile; fileRef = B2C82B12242A9B7D0081AE00 /* SKTEffects.swift */; };
		B2C82B1F242A9B7D0081AE00 /* SKTAudio.swift in Sources */ = {isa = PBXBuildFile; fileRef = B2C82B13242A9B7D0081AE00 /* SKTAudio.swift */; };
		B2C82B20242A9B7D0081AE00 /* Vector3.swift in Sources */ = {isa = PBXBuildFile; fileRef = B2C82B14242A9B7D0081AE00 /* Vector3.swift */; };
		B2C82B21242A9B7D0081AE00 /* CGFloat+Extensions.swift in Sources */ = {isa = PBXBuildFile; fileRef = B2C82B15242A9B7D0081AE00 /* CGFloat+Extensions.swift */; };
/* End PBXBuildFile section */

/* Begin PBXFileReference section */
		B2296A222427F14F00362B05 /* ShapeFit.app */ = {isa = PBXFileReference; explicitFileType = wrapper.application; includeInIndex = 0; path = ShapeFit.app; sourceTree = BUILT_PRODUCTS_DIR; };
		B2296A252427F14F00362B05 /* AppDelegate.swift */ = {isa = PBXFileReference; lastKnownFileType = sourcecode.swift; path = AppDelegate.swift; sourceTree = "<group>"; };
		B2296A322427F15100362B05 /* Assets.xcassets */ = {isa = PBXFileReference; lastKnownFileType = folder.assetcatalog; path = Assets.xcassets; sourceTree = "<group>"; };
		B2296A352427F15100362B05 /* Base */ = {isa = PBXFileReference; lastKnownFileType = file.storyboard; name = Base; path = Base.lproj/LaunchScreen.storyboard; sourceTree = "<group>"; };
		B2296A372427F15100362B05 /* Info.plist */ = {isa = PBXFileReference; lastKnownFileType = text.plist.xml; path = Info.plist; sourceTree = "<group>"; };
		B24E32DD242801B400698A95 /* Shape.swift */ = {isa = PBXFileReference; lastKnownFileType = sourcecode.swift; path = Shape.swift; sourceTree = "<group>"; };
		B262EB3024286CCD0065787C /* ShapeTypeTrajectories.swift */ = {isa = PBXFileReference; lastKnownFileType = sourcecode.swift; path = ShapeTypeTrajectories.swift; sourceTree = "<group>"; };
		B262EB3224286D5C0065787C /* ShapeTypeProperties.swift */ = {isa = PBXFileReference; lastKnownFileType = sourcecode.swift; path = ShapeTypeProperties.swift; sourceTree = "<group>"; };
		B262EB3424286D700065787C /* ShapeTypes.swift */ = {isa = PBXFileReference; lastKnownFileType = sourcecode.swift; path = ShapeTypes.swift; sourceTree = "<group>"; };
		B2C82B0A242A9B7D0081AE00 /* SKColor+Extensions.swift */ = {isa = PBXFileReference; fileEncoding = 4; lastKnownFileType = sourcecode.swift; path = "SKColor+Extensions.swift"; sourceTree = "<group>"; };
		B2C82B0B242A9B7D0081AE00 /* CGVector+Extensions.swift */ = {isa = PBXFileReference; fileEncoding = 4; lastKnownFileType = sourcecode.swift; path = "CGVector+Extensions.swift"; sourceTree = "<group>"; };
		B2C82B0C242A9B7D0081AE00 /* Int+Extensions.swift */ = {isa = PBXFileReference; fileEncoding = 4; lastKnownFileType = sourcecode.swift; path = "Int+Extensions.swift"; sourceTree = "<group>"; };
		B2C82B0D242A9B7D0081AE00 /* SKTTimingFunctions.swift */ = {isa = PBXFileReference; fileEncoding = 4; lastKnownFileType = sourcecode.swift; path = SKTTimingFunctions.swift; sourceTree = "<group>"; };
		B2C82B0E242A9B7D0081AE00 /* SKAction+Extensions.swift */ = {isa = PBXFileReference; fileEncoding = 4; lastKnownFileType = sourcecode.swift; path = "SKAction+Extensions.swift"; sourceTree = "<group>"; };
		B2C82B0F242A9B7D0081AE00 /* SKAction+SpecialEffects.swift */ = {isa = PBXFileReference; fileEncoding = 4; lastKnownFileType = sourcecode.swift; path = "SKAction+SpecialEffects.swift"; sourceTree = "<group>"; };
		B2C82B10242A9B7D0081AE00 /* SKNode+Extensions.swift */ = {isa = PBXFileReference; fileEncoding = 4; lastKnownFileType = sourcecode.swift; path = "SKNode+Extensions.swift"; sourceTree = "<group>"; };
		B2C82B11242A9B7D0081AE00 /* CGPoint+Extensions.swift */ = {isa = PBXFileReference; fileEncoding = 4; lastKnownFileType = sourcecode.swift; path = "CGPoint+Extensions.swift"; sourceTree = "<group>"; };
		B2C82B12242A9B7D0081AE00 /* SKTEffects.swift */ = {isa = PBXFileReference; fileEncoding = 4; lastKnownFileType = sourcecode.swift; path = SKTEffects.swift; sourceTree = "<group>"; };
		B2C82B13242A9B7D0081AE00 /* SKTAudio.swift */ = {isa = PBXFileReference; fileEncoding = 4; lastKnownFileType = sourcecode.swift; path = SKTAudio.swift; sourceTree = "<group>"; };
		B2C82B14242A9B7D0081AE00 /* Vector3.swift */ = {isa = PBXFileReference; fileEncoding = 4; lastKnownFileType = sourcecode.swift; path = Vector3.swift; sourceTree = "<group>"; };
		B2C82B15242A9B7D0081AE00 /* CGFloat+Extensions.swift */ = {isa = PBXFileReference; fileEncoding = 4; lastKnownFileType = sourcecode.swift; path = "CGFloat+Extensions.swift"; sourceTree = "<group>"; };
/* End PBXFileReference section */

/* Begin PBXFrameworksBuildPhase section */
		B2296A1F2427F14F00362B05 /* Frameworks */ = {
			isa = PBXFrameworksBuildPhase;
			buildActionMask = 2147483647;
			files = (
			);
			runOnlyForDeploymentPostprocessing = 0;
		};
/* End PBXFrameworksBuildPhase section */

/* Begin PBXGroup section */
		B2296A192427F14F00362B05 = {
			isa = PBXGroup;
			children = (
				B2296A242427F14F00362B05 /* ShapeFit */,
				B2296A232427F14F00362B05 /* Products */,
			);
			sourceTree = "<group>";
		};
		B2296A232427F14F00362B05 /* Products */ = {
			isa = PBXGroup;
			children = (
				B2296A222427F14F00362B05 /* ShapeFit.app */,
			);
			name = Products;
			sourceTree = "<group>";
		};
		B2296A242427F14F00362B05 /* ShapeFit */ = {
			isa = PBXGroup;
			children = (
				B24E32DC2428019300698A95 /* Objects */,
				B2296A252427F14F00362B05 /* AppDelegate.swift */,
				B2296A322427F15100362B05 /* Assets.xcassets */,
				B2296A342427F15100362B05 /* LaunchScreen.storyboard */,
				B2296A372427F15100362B05 /* Info.plist */,
				B2C82AD7242A8C400081AE00 /* SupportFiles */,
			);
			path = ShapeFit;
			sourceTree = "<group>";
		};
		B24E32DC2428019300698A95 /* Objects */ = {
			isa = PBXGroup;
			children = (
				B24E32DD242801B400698A95 /* Shape.swift */,
				B262EB3024286CCD0065787C /* ShapeTypeTrajectories.swift */,
				B262EB3224286D5C0065787C /* ShapeTypeProperties.swift */,
				B262EB3424286D700065787C /* ShapeTypes.swift */,
			);
			path = Objects;
			sourceTree = "<group>";
		};
		B2C82AD7242A8C400081AE00 /* SupportFiles */ = {
			isa = PBXGroup;
			children = (
				B2C82B09242A9B7D0081AE00 /* SKTUtils */,
			);
			path = SupportFiles;
			sourceTree = "<group>";
		};
		B2C82B09242A9B7D0081AE00 /* SKTUtils */ = {
			isa = PBXGroup;
			children = (
				B2C82B0A242A9B7D0081AE00 /* SKColor+Extensions.swift */,
				B2C82B0B242A9B7D0081AE00 /* CGVector+Extensions.swift */,
				B2C82B0C242A9B7D0081AE00 /* Int+Extensions.swift */,
				B2C82B0D242A9B7D0081AE00 /* SKTTimingFunctions.swift */,
				B2C82B0E242A9B7D0081AE00 /* SKAction+Extensions.swift */,
				B2C82B0F242A9B7D0081AE00 /* SKAction+SpecialEffects.swift */,
				B2C82B10242A9B7D0081AE00 /* SKNode+Extensions.swift */,
				B2C82B11242A9B7D0081AE00 /* CGPoint+Extensions.swift */,
				B2C82B12242A9B7D0081AE00 /* SKTEffects.swift */,
				B2C82B13242A9B7D0081AE00 /* SKTAudio.swift */,
				B2C82B14242A9B7D0081AE00 /* Vector3.swift */,
				B2C82B15242A9B7D0081AE00 /* CGFloat+Extensions.swift */,
			);
			path = SKTUtils;
			sourceTree = "<group>";
		};
/* End PBXGroup section */

/* Begin PBXNativeTarget section */
		B2296A212427F14F00362B05 /* ShapeFit */ = {
			isa = PBXNativeTarget;
			buildConfigurationList = B2296A3A2427F15100362B05 /* Build configuration list for PBXNativeTarget "ShapeFit" */;
			buildPhases = (
				B2296A1E2427F14F00362B05 /* Sources */,
				B2296A1F2427F14F00362B05 /* Frameworks */,
				B2296A202427F14F00362B05 /* Resources */,
			);
			buildRules = (
			);
			dependencies = (
			);
			name = ShapeFit;
			productName = ShapeFit;
			productReference = B2296A222427F14F00362B05 /* ShapeFit.app */;
			productType = "com.apple.product-type.application";
		};
/* End PBXNativeTarget section */

/* Begin PBXProject section */
		B2296A1A2427F14F00362B05 /* Project object */ = {
			isa = PBXProject;
			attributes = {
				LastSwiftUpdateCheck = 1110;
				LastUpgradeCheck = 1110;
				ORGANIZATIONNAME = Ankith;
				TargetAttributes = {
					B2296A212427F14F00362B05 = {
						CreatedOnToolsVersion = 11.1;
					};
				};
			};
			buildConfigurationList = B2296A1D2427F14F00362B05 /* Build configuration list for PBXProject "ShapeFit" */;
			compatibilityVersion = "Xcode 9.3";
			developmentRegion = en;
			hasScannedForEncodings = 0;
			knownRegions = (
				en,
				Base,
			);
			mainGroup = B2296A192427F14F00362B05;
			productRefGroup = B2296A232427F14F00362B05 /* Products */;
			projectDirPath = "";
			projectRoot = "";
			targets = (
				B2296A212427F14F00362B05 /* ShapeFit */,
			);
		};
/* End PBXProject section */

/* Begin PBXResourcesBuildPhase section */
		B2296A202427F14F00362B05 /* Resources */ = {
			isa = PBXResourcesBuildPhase;
			buildActionMask = 2147483647;
			files = (
				B2296A332427F15100362B05 /* Assets.xcassets in Resources */,
				B2296A362427F15100362B05 /* LaunchScreen.storyboard in Resources */,
			);
			runOnlyForDeploymentPostprocessing = 0;
		};
/* End PBXResourcesBuildPhase section */

/* Begin PBXSourcesBuildPhase section */
		B2296A1E2427F14F00362B05 /* Sources */ = {
			isa = PBXSourcesBuildPhase;
			buildActionMask = 2147483647;
			files = (
				B262EB3124286CCD0065787C /* ShapeTypeTrajectories.swift in Sources */,
				B2C82B1A242A9B7D0081AE00 /* SKAction+Extensions.swift in Sources */,
				B2C82B19242A9B7D0081AE00 /* SKTTimingFunctions.swift in Sources */,
				B2C82B17242A9B7D0081AE00 /* CGVector+Extensions.swift in Sources */,
				B2C82B1D242A9B7D0081AE00 /* CGPoint+Extensions.swift in Sources */,
				B2C82B1B242A9B7D0081AE00 /* SKAction+SpecialEffects.swift in Sources */,
				B2C82B1F242A9B7D0081AE00 /* SKTAudio.swift in Sources */,
				B2C82B1C242A9B7D0081AE00 /* SKNode+Extensions.swift in Sources */,
				B2C82B1E242A9B7D0081AE00 /* SKTEffects.swift in Sources */,
				B2C82B16242A9B7D0081AE00 /* SKColor+Extensions.swift in Sources */,
				B2296A262427F14F00362B05 /* AppDelegate.swift in Sources */,
				B262EB3324286D5C0065787C /* ShapeTypeProperties.swift in Sources */,
				B2C82B18242A9B7D0081AE00 /* Int+Extensions.swift in Sources */,
				B262EB3524286D700065787C /* ShapeTypes.swift in Sources */,
				B2C82B21242A9B7D0081AE00 /* CGFloat+Extensions.swift in Sources */,
				B2C82B20242A9B7D0081AE00 /* Vector3.swift in Sources */,
				B24E32DE242801B400698A95 /* Shape.swift in Sources */,
			);
			runOnlyForDeploymentPostprocessing = 0;
		};
/* End PBXSourcesBuildPhase section */

/* Begin PBXVariantGroup section */
		B2296A342427F15100362B05 /* LaunchScreen.storyboard */ = {
			isa = PBXVariantGroup;
			children = (
				B2296A352427F15100362B05 /* Base */,
			);
			name = LaunchScreen.storyboard;
			sourceTree = "<group>";
		};
/* End PBXVariantGroup section */

/* Begin XCBuildConfiguration section */
		B2296A382427F15100362B05 /* Debug */ = {
			isa = XCBuildConfiguration;
			buildSettings = {
				ALWAYS_SEARCH_USER_PATHS = NO;
				CLANG_ANALYZER_NONNULL = YES;
				CLANG_ANALYZER_NUMBER_OBJECT_CONVERSION = YES_AGGRESSIVE;
				CLANG_CXX_LANGUAGE_STANDARD = "gnu++14";
				CLANG_CXX_LIBRARY = "libc++";
				CLANG_ENABLE_MODULES = YES;
				CLANG_ENABLE_OBJC_ARC = YES;
				CLANG_ENABLE_OBJC_WEAK = YES;
				CLANG_WARN_BLOCK_CAPTURE_AUTORELEASING = YES;
				CLANG_WARN_BOOL_CONVERSION = YES;
				CLANG_WARN_COMMA = YES;
				CLANG_WARN_CONSTANT_CONVERSION = YES;
				CLANG_WARN_DEPRECATED_OBJC_IMPLEMENTATIONS = YES;
				CLANG_WARN_DIRECT_OBJC_ISA_USAGE = YES_ERROR;
				CLANG_WARN_DOCUMENTATION_COMMENTS = YES;
				CLANG_WARN_EMPTY_BODY = YES;
				CLANG_WARN_ENUM_CONVERSION = YES;
				CLANG_WARN_INFINITE_RECURSION = YES;
				CLANG_WARN_INT_CONVERSION = YES;
				CLANG_WARN_NON_LITERAL_NULL_CONVERSION = YES;
				CLANG_WARN_OBJC_IMPLICIT_RETAIN_SELF = YES;
				CLANG_WARN_OBJC_LITERAL_CONVERSION = YES;
				CLANG_WARN_OBJC_ROOT_CLASS = YES_ERROR;
				CLANG_WARN_RANGE_LOOP_ANALYSIS = YES;
				CLANG_WARN_STRICT_PROTOTYPES = YES;
				CLANG_WARN_SUSPICIOUS_MOVE = YES;
				CLANG_WARN_UNGUARDED_AVAILABILITY = YES_AGGRESSIVE;
				CLANG_WARN_UNREACHABLE_CODE = YES;
				CLANG_WARN__DUPLICATE_METHOD_MATCH = YES;
				COPY_PHASE_STRIP = NO;
				DEBUG_INFORMATION_FORMAT = dwarf;
				ENABLE_STRICT_OBJC_MSGSEND = YES;
				ENABLE_TESTABILITY = YES;
				GCC_C_LANGUAGE_STANDARD = gnu11;
				GCC_DYNAMIC_NO_PIC = NO;
				GCC_NO_COMMON_BLOCKS = YES;
				GCC_OPTIMIZATION_LEVEL = 0;
				GCC_PREPROCESSOR_DEFINITIONS = (
					"DEBUG=1",
					"$(inherited)",
				);
				GCC_WARN_64_TO_32_BIT_CONVERSION = YES;
				GCC_WARN_ABOUT_RETURN_TYPE = YES_ERROR;
				GCC_WARN_UNDECLARED_SELECTOR = YES;
				GCC_WARN_UNINITIALIZED_AUTOS = YES_AGGRESSIVE;
				GCC_WARN_UNUSED_FUNCTION = YES;
				GCC_WARN_UNUSED_VARIABLE = YES;
				IPHONEOS_DEPLOYMENT_TARGET = 13.1;
				MTL_ENABLE_DEBUG_INFO = INCLUDE_SOURCE;
				MTL_FAST_MATH = YES;
				ONLY_ACTIVE_ARCH = YES;
				SDKROOT = iphoneos;
				SWIFT_ACTIVE_COMPILATION_CONDITIONS = DEBUG;
				SWIFT_OPTIMIZATION_LEVEL = "-Onone";
			};
			name = Debug;
		};
		B2296A392427F15100362B05 /* Release */ = {
			isa = XCBuildConfiguration;
			buildSettings = {
				ALWAYS_SEARCH_USER_PATHS = NO;
				CLANG_ANALYZER_NONNULL = YES;
				CLANG_ANALYZER_NUMBER_OBJECT_CONVERSION = YES_AGGRESSIVE;
				CLANG_CXX_LANGUAGE_STANDARD = "gnu++14";
				CLANG_CXX_LIBRARY = "libc++";
				CLANG_ENABLE_MODULES = YES;
				CLANG_ENABLE_OBJC_ARC = YES;
				CLANG_ENABLE_OBJC_WEAK = YES;
				CLANG_WARN_BLOCK_CAPTURE_AUTORELEASING = YES;
				CLANG_WARN_BOOL_CONVERSION = YES;
				CLANG_WARN_COMMA = YES;
				CLANG_WARN_CONSTANT_CONVERSION = YES;
				CLANG_WARN_DEPRECATED_OBJC_IMPLEMENTATIONS = YES;
				CLANG_WARN_DIRECT_OBJC_ISA_USAGE = YES_ERROR;
				CLANG_WARN_DOCUMENTATION_COMMENTS = YES;
				CLANG_WARN_EMPTY_BODY = YES;
				CLANG_WARN_ENUM_CONVERSION = YES;
				CLANG_WARN_INFINITE_RECURSION = YES;
				CLANG_WARN_INT_CONVERSION = YES;
				CLANG_WARN_NON_LITERAL_NULL_CONVERSION = YES;
				CLANG_WARN_OBJC_IMPLICIT_RETAIN_SELF = YES;
				CLANG_WARN_OBJC_LITERAL_CONVERSION = YES;
				CLANG_WARN_OBJC_ROOT_CLASS = YES_ERROR;
				CLANG_WARN_RANGE_LOOP_ANALYSIS = YES;
				CLANG_WARN_STRICT_PROTOTYPES = YES;
				CLANG_WARN_SUSPICIOUS_MOVE = YES;
				CLANG_WARN_UNGUARDED_AVAILABILITY = YES_AGGRESSIVE;
				CLANG_WARN_UNREACHABLE_CODE = YES;
				CLANG_WARN__DUPLICATE_METHOD_MATCH = YES;
				COPY_PHASE_STRIP = NO;
				DEBUG_INFORMATION_FORMAT = "dwarf-with-dsym";
				ENABLE_NS_ASSERTIONS = NO;
				ENABLE_STRICT_OBJC_MSGSEND = YES;
				GCC_C_LANGUAGE_STANDARD = gnu11;
				GCC_NO_COMMON_BLOCKS = YES;
				GCC_WARN_64_TO_32_BIT_CONVERSION = YES;
				GCC_WARN_ABOUT_RETURN_TYPE = YES_ERROR;
				GCC_WARN_UNDECLARED_SELECTOR = YES;
				GCC_WARN_UNINITIALIZED_AUTOS = YES_AGGRESSIVE;
				GCC_WARN_UNUSED_FUNCTION = YES;
				GCC_WARN_UNUSED_VARIABLE = YES;
				IPHONEOS_DEPLOYMENT_TARGET = 13.1;
				MTL_ENABLE_DEBUG_INFO = NO;
				MTL_FAST_MATH = YES;
				SDKROOT = iphoneos;
				SWIFT_COMPILATION_MODE = wholemodule;
				SWIFT_OPTIMIZATION_LEVEL = "-O";
				VALIDATE_PRODUCT = YES;
			};
			name = Release;
		};
		B2296A3B2427F15100362B05 /* Debug */ = {
			isa = XCBuildConfiguration;
			buildSettings = {
				ASSETCATALOG_COMPILER_APPICON_NAME = AppIcon;
				CODE_SIGN_STYLE = Automatic;
				DEVELOPMENT_TEAM = 3U3SNC9LRZ;
				INFOPLIST_FILE = ShapeFit/Info.plist;
				LD_RUNPATH_SEARCH_PATHS = (
					"$(inherited)",
					"@executable_path/Frameworks",
				);
				PRODUCT_BUNDLE_IDENTIFIER = monkeyank.ShapeFit;
				PRODUCT_NAME = "$(TARGET_NAME)";
				SWIFT_VERSION = 5.0;
				TARGETED_DEVICE_FAMILY = "1,2";
			};
			name = Debug;
		};
		B2296A3C2427F15100362B05 /* Release */ = {
			isa = XCBuildConfiguration;
			buildSettings = {
				ASSETCATALOG_COMPILER_APPICON_NAME = AppIcon;
				CODE_SIGN_STYLE = Automatic;
				DEVELOPMENT_TEAM = 3U3SNC9LRZ;
				INFOPLIST_FILE = ShapeFit/Info.plist;
				LD_RUNPATH_SEARCH_PATHS = (
					"$(inherited)",
					"@executable_path/Frameworks",
				);
				PRODUCT_BUNDLE_IDENTIFIER = monkeyank.ShapeFit;
				PRODUCT_NAME = "$(TARGET_NAME)";
				SWIFT_VERSION = 5.0;
				TARGETED_DEVICE_FAMILY = "1,2";
			};
			name = Release;
		};
/* End XCBuildConfiguration section */

/* Begin XCConfigurationList section */
		B2296A1D2427F14F00362B05 /* Build configuration list for PBXProject "ShapeFit" */ = {
			isa = XCConfigurationList;
			buildConfigurations = (
				B2296A382427F15100362B05 /* Debug */,
				B2296A392427F15100362B05 /* Release */,
			);
			defaultConfigurationIsVisible = 0;
			defaultConfigurationName = Release;
		};
		B2296A3A2427F15100362B05 /* Build configuration list for PBXNativeTarget "ShapeFit" */ = {
			isa = XCConfigurationList;
			buildConfigurations = (
				B2296A3B2427F15100362B05 /* Debug */,
				B2296A3C2427F15100362B05 /* Release */,
			);
			defaultConfigurationIsVisible = 0;
			defaultConfigurationName = Release;
		};
/* End XCConfigurationList section */
	};
	rootObject = B2296A1A2427F14F00362B05 /* Project object */;
}
