// !$*UTF8*$!
{
	archiveVersion = 1;
	classes = {
	};
	objectVersion = 50;
	objects = {

/* Begin PBXBuildFile section */
		B2296A262427F14F00362B05 /* AppDelegate.swift in Sources */ = {isa = PBXBuildFile; fileRef = B2296A252427F14F00362B05 /* AppDelegate.swift */; };
		B2296A332427F15100362B05 /* Assets.xcassets in Resources */ = {isa = PBXBuildFile; fileRef = B2296A322427F15100362B05 /* Assets.xcassets */; };
		B2296A362427F15100362B05 /* LaunchScreen.storyboard in Resources */ = {isa = PBXBuildFile; fileRef = B2296A342427F15100362B05 /* LaunchScreen.storyboard */; };
		B24DBFFD242ECC18002CAFEA /* MainGameScene.swift in Sources */ = {isa = PBXBuildFile; fileRef = B24DBFFC242ECC18002CAFEA /* MainGameScene.swift */; };
		B24DC000242ECC34002CAFEA /* Score.swift in Sources */ = {isa = PBXBuildFile; fileRef = B24DBFFF242ECC34002CAFEA /* Score.swift */; };
		B24DC002242ECC58002CAFEA /* ScoreStorage.swift in Sources */ = {isa = PBXBuildFile; fileRef = B24DC001242ECC58002CAFEA /* ScoreStorage.swift */; };
		B24DC004242ECC70002CAFEA /* ScoreDisplay.swift in Sources */ = {isa = PBXBuildFile; fileRef = B24DC003242ECC70002CAFEA /* ScoreDisplay.swift */; };
		B24DC006242ECF8C002CAFEA /* AppPersistance.swift in Sources */ = {isa = PBXBuildFile; fileRef = B24DC005242ECF8C002CAFEA /* AppPersistance.swift */; };
		B24DC008242ECF9D002CAFEA /* AppDefines.swift in Sources */ = {isa = PBXBuildFile; fileRef = B24DC007242ECF9C002CAFEA /* AppDefines.swift */; };
		B24DC014242ED581002CAFEA /* LPRFixedWidthLabelNode.m in Sources */ = {isa = PBXBuildFile; fileRef = B24DC013242ED581002CAFEA /* LPRFixedWidthLabelNode.m */; };
		B24DC016242ED8D1002CAFEA /* GameGestures.swift in Sources */ = {isa = PBXBuildFile; fileRef = B24DC015242ED8D1002CAFEA /* GameGestures.swift */; };
		B24E32DE242801B400698A95 /* Shape.swift in Sources */ = {isa = PBXBuildFile; fileRef = B24E32DD242801B400698A95 /* Shape.swift */; };
		B25174F024300B0D00286385 /* ShareScene.swift in Sources */ = {isa = PBXBuildFile; fileRef = B25174EF24300B0D00286385 /* ShareScene.swift */; };
		B262EB3124286CCD0065787C /* ShapeTypeTrajectories.swift in Sources */ = {isa = PBXBuildFile; fileRef = B262EB3024286CCD0065787C /* ShapeTypeTrajectories.swift */; };
		B262EB3324286D5C0065787C /* ShapeTypeProperties.swift in Sources */ = {isa = PBXBuildFile; fileRef = B262EB3224286D5C0065787C /* ShapeTypeProperties.swift */; };
		B262EB3524286D700065787C /* ShapeTypes.swift in Sources */ = {isa = PBXBuildFile; fileRef = B262EB3424286D700065787C /* ShapeTypes.swift */; };
		B274E2EA24313F490084E0B6 /* Roboto-Light.ttf in Resources */ = {isa = PBXBuildFile; fileRef = B274E2E724313F490084E0B6 /* Roboto-Light.ttf */; };
		B274E2EB24313F490084E0B6 /* Roboto-Bold.ttf in Resources */ = {isa = PBXBuildFile; fileRef = B274E2E824313F490084E0B6 /* Roboto-Bold.ttf */; };
		B274E2EC24313F490084E0B6 /* Roboto-Black.ttf in Resources */ = {isa = PBXBuildFile; fileRef = B274E2E924313F490084E0B6 /* Roboto-Black.ttf */; };
		B274E2F4243141FF0084E0B6 /* shape_failure.wav in Resources */ = {isa = PBXBuildFile; fileRef = B274E2EE243141FF0084E0B6 /* shape_failure.wav */; };
		B274E2F5243141FF0084E0B6 /* shape_success.wav in Resources */ = {isa = PBXBuildFile; fileRef = B274E2EF243141FF0084E0B6 /* shape_success.wav */; };
		B274E2F6243141FF0084E0B6 /* shape_special.wav in Resources */ = {isa = PBXBuildFile; fileRef = B274E2F0243141FF0084E0B6 /* shape_special.wav */; };
		B274E2F7243141FF0084E0B6 /* button_down.wav in Resources */ = {isa = PBXBuildFile; fileRef = B274E2F1243141FF0084E0B6 /* button_down.wav */; };
		B274E2F8243141FF0084E0B6 /* button_up.wav in Resources */ = {isa = PBXBuildFile; fileRef = B274E2F2243141FF0084E0B6 /* button_up.wav */; };
		B274E2F9243141FF0084E0B6 /* spinner_turn.wav in Resources */ = {isa = PBXBuildFile; fileRef = B274E2F3243141FF0084E0B6 /* spinner_turn.wav */; };
		B29457C1242DB77A00E9E4D7 /* SpriteKitExtensions.framework in Frameworks */ = {isa = PBXBuildFile; fileRef = B2CCABD0242C3D7F00B09164 /* SpriteKitExtensions.framework */; };
		B29457C2242DB77A00E9E4D7 /* SpriteKitExtensions.framework in Embed Frameworks */ = {isa = PBXBuildFile; fileRef = B2CCABD0242C3D7F00B09164 /* SpriteKitExtensions.framework */; settings = {ATTRIBUTES = (CodeSignOnCopy, RemoveHeadersOnCopy, ); }; };
		B29D9B262431A3DD008F36B6 /* VAGRoundedStd-Bold.otf in Resources */ = {isa = PBXBuildFile; fileRef = B29D9B232431A3DD008F36B6 /* VAGRoundedStd-Bold.otf */; };
		B29D9B272431A3DD008F36B6 /* VAGRoundedStd-Black.otf in Resources */ = {isa = PBXBuildFile; fileRef = B29D9B242431A3DD008F36B6 /* VAGRoundedStd-Black.otf */; };
		B29D9B282431A3DD008F36B6 /* VAGRoundedStd-Light.otf in Resources */ = {isa = PBXBuildFile; fileRef = B29D9B252431A3DD008F36B6 /* VAGRoundedStd-Light.otf */; };
		B29D9B2C2431AD36008F36B6 /* Localizable.strings in Resources */ = {isa = PBXBuildFile; fileRef = B29D9B2E2431AD36008F36B6 /* Localizable.strings */; };
		B2A4A799242BCA15004E9BB1 /* MainGameViewController.swift in Sources */ = {isa = PBXBuildFile; fileRef = B2A4A798242BCA15004E9BB1 /* MainGameViewController.swift */; };
		B2A4A79B242BCA50004E9BB1 /* UIViewResize.swift in Sources */ = {isa = PBXBuildFile; fileRef = B2A4A79A242BCA50004E9BB1 /* UIViewResize.swift */; };
		B2A4A79D242BCBFF004E9BB1 /* Doubles+Floats.swift in Sources */ = {isa = PBXBuildFile; fileRef = B2A4A79C242BCBFF004E9BB1 /* Doubles+Floats.swift */; };
		B2A4A7A0242BD131004E9BB1 /* UpdateTimer.swift in Sources */ = {isa = PBXBuildFile; fileRef = B2A4A79F242BD131004E9BB1 /* UpdateTimer.swift */; };
		B2A4A7A2242BD1B2004E9BB1 /* DelayinTimer.swift in Sources */ = {isa = PBXBuildFile; fileRef = B2A4A7A1242BD1B2004E9BB1 /* DelayinTimer.swift */; };
		B2A4A7A8242BD29B004E9BB1 /* Screen.xib in Resources */ = {isa = PBXBuildFile; fileRef = B2A4A7A7242BD29B004E9BB1 /* Screen.xib */; };
		B2A4A7AA242BD2A7004E9BB1 /* ScreenViewController.swift in Sources */ = {isa = PBXBuildFile; fileRef = B2A4A7A9242BD2A7004E9BB1 /* ScreenViewController.swift */; };
		B2AB0001242B0F6500F5E06A /* BuildMode.swift in Sources */ = {isa = PBXBuildFile; fileRef = B2AB0000242B0F6500F5E06A /* BuildMode.swift */; };
		B2AB0003242B14F700F5E06A /* UIImageExtension.swift in Sources */ = {isa = PBXBuildFile; fileRef = B2AB0002242B14F700F5E06A /* UIImageExtension.swift */; };
		B2ABFFEF242B056D00F5E06A /* Spinner.swift in Sources */ = {isa = PBXBuildFile; fileRef = B2ABFFEE242B056D00F5E06A /* Spinner.swift */; };
		B2ABFFF1242B07D400F5E06A /* TextureExtension.swift in Sources */ = {isa = PBXBuildFile; fileRef = B2ABFFF0242B07D400F5E06A /* TextureExtension.swift */; };
		B2ABFFF3242B080A00F5E06A /* ConfigureTexture.swift in Sources */ = {isa = PBXBuildFile; fileRef = B2ABFFF2242B080A00F5E06A /* ConfigureTexture.swift */; };
		B2ABFFF5242B082000F5E06A /* TextureActions.swift in Sources */ = {isa = PBXBuildFile; fileRef = B2ABFFF4242B082000F5E06A /* TextureActions.swift */; };
		B2ABFFF7242B088300F5E06A /* AppColors.swift in Sources */ = {isa = PBXBuildFile; fileRef = B2ABFFF6242B088200F5E06A /* AppColors.swift */; };
		B2ABFFF9242B095000F5E06A /* AppCache.swift in Sources */ = {isa = PBXBuildFile; fileRef = B2ABFFF8242B095000F5E06A /* AppCache.swift */; };
		B2ABFFFB242B09FD00F5E06A /* RandomNumber.swift in Sources */ = {isa = PBXBuildFile; fileRef = B2ABFFFA242B09FD00F5E06A /* RandomNumber.swift */; };
		B2ABFFFD242B0CCE00F5E06A /* SpinnerFunctions.swift in Sources */ = {isa = PBXBuildFile; fileRef = B2ABFFFC242B0CCE00F5E06A /* SpinnerFunctions.swift */; };
		B2ABFFFF242B0CEB00F5E06A /* Physics.swift in Sources */ = {isa = PBXBuildFile; fileRef = B2ABFFFE242B0CEB00F5E06A /* Physics.swift */; };
		B2C82B16242A9B7D0081AE00 /* SKColor+Extensions.swift in Sources */ = {isa = PBXBuildFile; fileRef = B2C82B0A242A9B7D0081AE00 /* SKColor+Extensions.swift */; };
		B2C82B17242A9B7D0081AE00 /* CGVector+Extensions.swift in Sources */ = {isa = PBXBuildFile; fileRef = B2C82B0B242A9B7D0081AE00 /* CGVector+Extensions.swift */; };
		B2C82B18242A9B7D0081AE00 /* Int+Extensions.swift in Sources */ = {isa = PBXBuildFile; fileRef = B2C82B0C242A9B7D0081AE00 /* Int+Extensions.swift */; };
		B2C82B19242A9B7D0081AE00 /* SKTTimingFunctions.swift in Sources */ = {isa = PBXBuildFile; fileRef = B2C82B0D242A9B7D0081AE00 /* SKTTimingFunctions.swift */; };
		B2C82B1A242A9B7D0081AE00 /* SKAction+Extensions.swift in Sources */ = {isa = PBXBuildFile; fileRef = B2C82B0E242A9B7D0081AE00 /* SKAction+Extensions.swift */; };
		B2C82B1B242A9B7D0081AE00 /* SKAction+SpecialEffects.swift in Sources */ = {isa = PBXBuildFile; fileRef = B2C82B0F242A9B7D0081AE00 /* SKAction+SpecialEffects.swift */; };
		B2C82B1C242A9B7D0081AE00 /* SKNode+Extensions.swift in Sources */ = {isa = PBXBuildFile; fileRef = B2C82B10242A9B7D0081AE00 /* SKNode+Extensions.swift */; };
		B2C82B1D242A9B7D0081AE00 /* CGPoint+Extensions.swift in Sources */ = {isa = PBXBuildFile; fileRef = B2C82B11242A9B7D0081AE00 /* CGPoint+Extensions.swift */; };
		B2C82B1E242A9B7D0081AE00 /* SKTEffects.swift in Sources */ = {isa = PBXBuildFile; fileRef = B2C82B12242A9B7D0081AE00 /* SKTEffects.swift */; };
		B2C82B1F242A9B7D0081AE00 /* SKTAudio.swift in Sources */ = {isa = PBXBuildFile; fileRef = B2C82B13242A9B7D0081AE00 /* SKTAudio.swift */; };
		B2C82B20242A9B7D0081AE00 /* Vector3.swift in Sources */ = {isa = PBXBuildFile; fileRef = B2C82B14242A9B7D0081AE00 /* Vector3.swift */; };
		B2C82B21242A9B7D0081AE00 /* CGFloat+Extensions.swift in Sources */ = {isa = PBXBuildFile; fileRef = B2C82B15242A9B7D0081AE00 /* CGFloat+Extensions.swift */; };
		B2C82B24242AD2520081AE00 /* UIBezierShapePathExtension.swift in Sources */ = {isa = PBXBuildFile; fileRef = B2C82B23242AD2520081AE00 /* UIBezierShapePathExtension.swift */; };
		B2CCABA7242C373400B09164 /* IntialScene.swift in Sources */ = {isa = PBXBuildFile; fileRef = B2CCABA6242C373400B09164 /* IntialScene.swift */; };
		B2CCABA9242C381D00B09164 /* SoundExtension.swift in Sources */ = {isa = PBXBuildFile; fileRef = B2CCABA8242C381D00B09164 /* SoundExtension.swift */; };
		B2CCABAB242C38BB00B09164 /* DisappearandAppearExtension.swift in Sources */ = {isa = PBXBuildFile; fileRef = B2CCABAA242C38BB00B09164 /* DisappearandAppearExtension.swift */; };
		B2CCABAE242C392100B09164 /* GCHelper.swift in Sources */ = {isa = PBXBuildFile; fileRef = B2CCABAD242C392100B09164 /* GCHelper.swift */; };
/* End PBXBuildFile section */

/* Begin PBXContainerItemProxy section */
		B24DC00A242ED109002CAFEA /* PBXContainerItemProxy */ = {
			isa = PBXContainerItemProxy;
			containerPortal = B2CCABCB242C3D7F00B09164 /* SpriteKitExtensions.xcodeproj */;
			proxyType = 1;
			remoteGlobalIDString = B2CCABBB242C3CC500B09164;
			remoteInfo = SpriteKitExtensions;
		};
		B2CCABCF242C3D7F00B09164 /* PBXContainerItemProxy */ = {
			isa = PBXContainerItemProxy;
			containerPortal = B2CCABCB242C3D7F00B09164 /* SpriteKitExtensions.xcodeproj */;
			proxyType = 2;
			remoteGlobalIDString = B2CCABBC242C3CC500B09164;
			remoteInfo = SpriteKitExtensions;
		};
/* End PBXContainerItemProxy section */

/* Begin PBXCopyFilesBuildPhase section */
		B29457C3242DB77A00E9E4D7 /* Embed Frameworks */ = {
			isa = PBXCopyFilesBuildPhase;
			buildActionMask = 2147483647;
			dstPath = "";
			dstSubfolderSpec = 10;
			files = (
				B29457C2242DB77A00E9E4D7 /* SpriteKitExtensions.framework in Embed Frameworks */,
			);
			name = "Embed Frameworks";
			runOnlyForDeploymentPostprocessing = 0;
		};
/* End PBXCopyFilesBuildPhase section */

/* Begin PBXFileReference section */
		B2296A222427F14F00362B05 /* ShapeFit.app */ = {isa = PBXFileReference; explicitFileType = wrapper.application; includeInIndex = 0; path = ShapeFit.app; sourceTree = BUILT_PRODUCTS_DIR; };
		B2296A252427F14F00362B05 /* AppDelegate.swift */ = {isa = PBXFileReference; lastKnownFileType = sourcecode.swift; path = AppDelegate.swift; sourceTree = "<group>"; };
		B2296A322427F15100362B05 /* Assets.xcassets */ = {isa = PBXFileReference; lastKnownFileType = folder.assetcatalog; path = Assets.xcassets; sourceTree = "<group>"; };
		B2296A352427F15100362B05 /* Base */ = {isa = PBXFileReference; lastKnownFileType = file.storyboard; name = Base; path = Base.lproj/LaunchScreen.storyboard; sourceTree = "<group>"; };
		B2296A372427F15100362B05 /* Info.plist */ = {isa = PBXFileReference; lastKnownFileType = text.plist.xml; path = Info.plist; sourceTree = "<group>"; };
		B24DBFFC242ECC18002CAFEA /* MainGameScene.swift */ = {isa = PBXFileReference; lastKnownFileType = sourcecode.swift; path = MainGameScene.swift; sourceTree = "<group>"; };
		B24DBFFF242ECC34002CAFEA /* Score.swift */ = {isa = PBXFileReference; lastKnownFileType = sourcecode.swift; path = Score.swift; sourceTree = "<group>"; };
		B24DC001242ECC58002CAFEA /* ScoreStorage.swift */ = {isa = PBXFileReference; lastKnownFileType = sourcecode.swift; path = ScoreStorage.swift; sourceTree = "<group>"; };
		B24DC003242ECC70002CAFEA /* ScoreDisplay.swift */ = {isa = PBXFileReference; lastKnownFileType = sourcecode.swift; path = ScoreDisplay.swift; sourceTree = "<group>"; };
		B24DC005242ECF8C002CAFEA /* AppPersistance.swift */ = {isa = PBXFileReference; lastKnownFileType = sourcecode.swift; path = AppPersistance.swift; sourceTree = "<group>"; };
		B24DC007242ECF9C002CAFEA /* AppDefines.swift */ = {isa = PBXFileReference; lastKnownFileType = sourcecode.swift; path = AppDefines.swift; sourceTree = "<group>"; };
		B24DC012242ED581002CAFEA /* ShapeFit-Bridging-Header.h */ = {isa = PBXFileReference; lastKnownFileType = sourcecode.c.h; path = "ShapeFit-Bridging-Header.h"; sourceTree = "<group>"; };
		B24DC013242ED581002CAFEA /* LPRFixedWidthLabelNode.m */ = {isa = PBXFileReference; lastKnownFileType = sourcecode.c.objc; path = LPRFixedWidthLabelNode.m; sourceTree = "<group>"; };
		B24DC015242ED8D1002CAFEA /* GameGestures.swift */ = {isa = PBXFileReference; lastKnownFileType = sourcecode.swift; path = GameGestures.swift; sourceTree = "<group>"; };
		B24E32DD242801B400698A95 /* Shape.swift */ = {isa = PBXFileReference; lastKnownFileType = sourcecode.swift; path = Shape.swift; sourceTree = "<group>"; };
		B25174EF24300B0D00286385 /* ShareScene.swift */ = {isa = PBXFileReference; lastKnownFileType = sourcecode.swift; path = ShareScene.swift; sourceTree = "<group>"; };
		B262EB3024286CCD0065787C /* ShapeTypeTrajectories.swift */ = {isa = PBXFileReference; lastKnownFileType = sourcecode.swift; path = ShapeTypeTrajectories.swift; sourceTree = "<group>"; };
		B262EB3224286D5C0065787C /* ShapeTypeProperties.swift */ = {isa = PBXFileReference; lastKnownFileType = sourcecode.swift; path = ShapeTypeProperties.swift; sourceTree = "<group>"; };
		B262EB3424286D700065787C /* ShapeTypes.swift */ = {isa = PBXFileReference; lastKnownFileType = sourcecode.swift; path = ShapeTypes.swift; sourceTree = "<group>"; };
		B274E2E724313F490084E0B6 /* Roboto-Light.ttf */ = {isa = PBXFileReference; lastKnownFileType = file; path = "Roboto-Light.ttf"; sourceTree = "<group>"; };
		B274E2E824313F490084E0B6 /* Roboto-Bold.ttf */ = {isa = PBXFileReference; lastKnownFileType = file; path = "Roboto-Bold.ttf"; sourceTree = "<group>"; };
		B274E2E924313F490084E0B6 /* Roboto-Black.ttf */ = {isa = PBXFileReference; lastKnownFileType = file; path = "Roboto-Black.ttf"; sourceTree = "<group>"; };
		B274E2EE243141FF0084E0B6 /* shape_failure.wav */ = {isa = PBXFileReference; lastKnownFileType = audio.wav; path = shape_failure.wav; sourceTree = "<group>"; };
		B274E2EF243141FF0084E0B6 /* shape_success.wav */ = {isa = PBXFileReference; lastKnownFileType = audio.wav; path = shape_success.wav; sourceTree = "<group>"; };
		B274E2F0243141FF0084E0B6 /* shape_special.wav */ = {isa = PBXFileReference; lastKnownFileType = audio.wav; path = shape_special.wav; sourceTree = "<group>"; };
		B274E2F1243141FF0084E0B6 /* button_down.wav */ = {isa = PBXFileReference; lastKnownFileType = audio.wav; path = button_down.wav; sourceTree = "<group>"; };
		B274E2F2243141FF0084E0B6 /* button_up.wav */ = {isa = PBXFileReference; lastKnownFileType = audio.wav; path = button_up.wav; sourceTree = "<group>"; };
		B274E2F3243141FF0084E0B6 /* spinner_turn.wav */ = {isa = PBXFileReference; lastKnownFileType = audio.wav; path = spinner_turn.wav; sourceTree = "<group>"; };
		B29457AC242DACFF00E9E4D7 /* ControlHelpers.swift */ = {isa = PBXFileReference; fileEncoding = 4; lastKnownFileType = sourcecode.swift; path = ControlHelpers.swift; sourceTree = "<group>"; };
		B29457AE242DACFF00E9E4D7 /* Control.swift */ = {isa = PBXFileReference; fileEncoding = 4; lastKnownFileType = sourcecode.swift; path = Control.swift; sourceTree = "<group>"; };
		B29457AF242DACFF00E9E4D7 /* Switch.swift */ = {isa = PBXFileReference; fileEncoding = 4; lastKnownFileType = sourcecode.swift; path = Switch.swift; sourceTree = "<group>"; };
		B29457B0242DACFF00E9E4D7 /* Button.swift */ = {isa = PBXFileReference; fileEncoding = 4; lastKnownFileType = sourcecode.swift; path = Button.swift; sourceTree = "<group>"; };
		B29457B1242DAD0000E9E4D7 /* ControlTypes.swift */ = {isa = PBXFileReference; fileEncoding = 4; lastKnownFileType = sourcecode.swift; path = ControlTypes.swift; sourceTree = "<group>"; };
		B29D9B232431A3DD008F36B6 /* VAGRoundedStd-Bold.otf */ = {isa = PBXFileReference; lastKnownFileType = file; path = "VAGRoundedStd-Bold.otf"; sourceTree = "<group>"; };
		B29D9B242431A3DD008F36B6 /* VAGRoundedStd-Black.otf */ = {isa = PBXFileReference; lastKnownFileType = file; path = "VAGRoundedStd-Black.otf"; sourceTree = "<group>"; };
		B29D9B252431A3DD008F36B6 /* VAGRoundedStd-Light.otf */ = {isa = PBXFileReference; lastKnownFileType = file; path = "VAGRoundedStd-Light.otf"; sourceTree = "<group>"; };
		B29D9B2D2431AD36008F36B6 /* en */ = {isa = PBXFileReference; lastKnownFileType = text.plist.strings; name = en; path = en.lproj/Localizable.strings; sourceTree = "<group>"; };
		B2A4A798242BCA15004E9BB1 /* MainGameViewController.swift */ = {isa = PBXFileReference; lastKnownFileType = sourcecode.swift; path = MainGameViewController.swift; sourceTree = "<group>"; };
		B2A4A79A242BCA50004E9BB1 /* UIViewResize.swift */ = {isa = PBXFileReference; lastKnownFileType = sourcecode.swift; path = UIViewResize.swift; sourceTree = "<group>"; };
		B2A4A79C242BCBFF004E9BB1 /* Doubles+Floats.swift */ = {isa = PBXFileReference; lastKnownFileType = sourcecode.swift; path = "Doubles+Floats.swift"; sourceTree = "<group>"; };
		B2A4A79F242BD131004E9BB1 /* UpdateTimer.swift */ = {isa = PBXFileReference; lastKnownFileType = sourcecode.swift; path = UpdateTimer.swift; sourceTree = "<group>"; };
		B2A4A7A1242BD1B2004E9BB1 /* DelayinTimer.swift */ = {isa = PBXFileReference; lastKnownFileType = sourcecode.swift; path = DelayinTimer.swift; sourceTree = "<group>"; };
		B2A4A7A7242BD29B004E9BB1 /* Screen.xib */ = {isa = PBXFileReference; lastKnownFileType = file.xib; path = Screen.xib; sourceTree = "<group>"; };
		B2A4A7A9242BD2A7004E9BB1 /* ScreenViewController.swift */ = {isa = PBXFileReference; lastKnownFileType = sourcecode.swift; path = ScreenViewController.swift; sourceTree = "<group>"; };
		B2AB0000242B0F6500F5E06A /* BuildMode.swift */ = {isa = PBXFileReference; lastKnownFileType = sourcecode.swift; path = BuildMode.swift; sourceTree = "<group>"; };
		B2AB0002242B14F700F5E06A /* UIImageExtension.swift */ = {isa = PBXFileReference; lastKnownFileType = sourcecode.swift; path = UIImageExtension.swift; sourceTree = "<group>"; };
		B2ABFFEE242B056D00F5E06A /* Spinner.swift */ = {isa = PBXFileReference; lastKnownFileType = sourcecode.swift; path = Spinner.swift; sourceTree = "<group>"; };
		B2ABFFF0242B07D400F5E06A /* TextureExtension.swift */ = {isa = PBXFileReference; lastKnownFileType = sourcecode.swift; path = TextureExtension.swift; sourceTree = "<group>"; };
		B2ABFFF2242B080A00F5E06A /* ConfigureTexture.swift */ = {isa = PBXFileReference; lastKnownFileType = sourcecode.swift; path = ConfigureTexture.swift; sourceTree = "<group>"; };
		B2ABFFF4242B082000F5E06A /* TextureActions.swift */ = {isa = PBXFileReference; lastKnownFileType = sourcecode.swift; path = TextureActions.swift; sourceTree = "<group>"; };
		B2ABFFF6242B088200F5E06A /* AppColors.swift */ = {isa = PBXFileReference; lastKnownFileType = sourcecode.swift; path = AppColors.swift; sourceTree = "<group>"; };
		B2ABFFF8242B095000F5E06A /* AppCache.swift */ = {isa = PBXFileReference; lastKnownFileType = sourcecode.swift; path = AppCache.swift; sourceTree = "<group>"; };
		B2ABFFFA242B09FD00F5E06A /* RandomNumber.swift */ = {isa = PBXFileReference; lastKnownFileType = sourcecode.swift; path = RandomNumber.swift; sourceTree = "<group>"; };
		B2ABFFFC242B0CCE00F5E06A /* SpinnerFunctions.swift */ = {isa = PBXFileReference; lastKnownFileType = sourcecode.swift; path = SpinnerFunctions.swift; sourceTree = "<group>"; };
		B2ABFFFE242B0CEB00F5E06A /* Physics.swift */ = {isa = PBXFileReference; lastKnownFileType = sourcecode.swift; path = Physics.swift; sourceTree = "<group>"; };
		B2C82B0A242A9B7D0081AE00 /* SKColor+Extensions.swift */ = {isa = PBXFileReference; fileEncoding = 4; lastKnownFileType = sourcecode.swift; path = "SKColor+Extensions.swift"; sourceTree = "<group>"; };
		B2C82B0B242A9B7D0081AE00 /* CGVector+Extensions.swift */ = {isa = PBXFileReference; fileEncoding = 4; lastKnownFileType = sourcecode.swift; path = "CGVector+Extensions.swift"; sourceTree = "<group>"; };
		B2C82B0C242A9B7D0081AE00 /* Int+Extensions.swift */ = {isa = PBXFileReference; fileEncoding = 4; lastKnownFileType = sourcecode.swift; path = "Int+Extensions.swift"; sourceTree = "<group>"; };
		B2C82B0D242A9B7D0081AE00 /* SKTTimingFunctions.swift */ = {isa = PBXFileReference; fileEncoding = 4; lastKnownFileType = sourcecode.swift; path = SKTTimingFunctions.swift; sourceTree = "<group>"; };
		B2C82B0E242A9B7D0081AE00 /* SKAction+Extensions.swift */ = {isa = PBXFileReference; fileEncoding = 4; lastKnownFileType = sourcecode.swift; path = "SKAction+Extensions.swift"; sourceTree = "<group>"; };
		B2C82B0F242A9B7D0081AE00 /* SKAction+SpecialEffects.swift */ = {isa = PBXFileReference; fileEncoding = 4; lastKnownFileType = sourcecode.swift; path = "SKAction+SpecialEffects.swift"; sourceTree = "<group>"; };
		B2C82B10242A9B7D0081AE00 /* SKNode+Extensions.swift */ = {isa = PBXFileReference; fileEncoding = 4; lastKnownFileType = sourcecode.swift; path = "SKNode+Extensions.swift"; sourceTree = "<group>"; };
		B2C82B11242A9B7D0081AE00 /* CGPoint+Extensions.swift */ = {isa = PBXFileReference; fileEncoding = 4; lastKnownFileType = sourcecode.swift; path = "CGPoint+Extensions.swift"; sourceTree = "<group>"; };
		B2C82B12242A9B7D0081AE00 /* SKTEffects.swift */ = {isa = PBXFileReference; fileEncoding = 4; lastKnownFileType = sourcecode.swift; path = SKTEffects.swift; sourceTree = "<group>"; };
		B2C82B13242A9B7D0081AE00 /* SKTAudio.swift */ = {isa = PBXFileReference; fileEncoding = 4; lastKnownFileType = sourcecode.swift; path = SKTAudio.swift; sourceTree = "<group>"; };
		B2C82B14242A9B7D0081AE00 /* Vector3.swift */ = {isa = PBXFileReference; fileEncoding = 4; lastKnownFileType = sourcecode.swift; path = Vector3.swift; sourceTree = "<group>"; };
		B2C82B15242A9B7D0081AE00 /* CGFloat+Extensions.swift */ = {isa = PBXFileReference; fileEncoding = 4; lastKnownFileType = sourcecode.swift; path = "CGFloat+Extensions.swift"; sourceTree = "<group>"; };
		B2C82B23242AD2520081AE00 /* UIBezierShapePathExtension.swift */ = {isa = PBXFileReference; lastKnownFileType = sourcecode.swift; path = UIBezierShapePathExtension.swift; sourceTree = "<group>"; };
		B2CCABA6242C373400B09164 /* IntialScene.swift */ = {isa = PBXFileReference; lastKnownFileType = sourcecode.swift; path = IntialScene.swift; sourceTree = "<group>"; };
		B2CCABA8242C381D00B09164 /* SoundExtension.swift */ = {isa = PBXFileReference; lastKnownFileType = sourcecode.swift; path = SoundExtension.swift; sourceTree = "<group>"; };
		B2CCABAA242C38BB00B09164 /* DisappearandAppearExtension.swift */ = {isa = PBXFileReference; lastKnownFileType = sourcecode.swift; path = DisappearandAppearExtension.swift; sourceTree = "<group>"; };
		B2CCABAD242C392100B09164 /* GCHelper.swift */ = {isa = PBXFileReference; lastKnownFileType = sourcecode.swift; path = GCHelper.swift; sourceTree = "<group>"; };
		B2CCABAF242C397800B09164 /* App-Bridging-Header.h */ = {isa = PBXFileReference; lastKnownFileType = sourcecode.c.h; path = "App-Bridging-Header.h"; sourceTree = "<group>"; };
		B2CCABC9242C3D7F00B09164 /* SpriteKitExtensions.h */ = {isa = PBXFileReference; fileEncoding = 4; lastKnownFileType = sourcecode.c.h; path = SpriteKitExtensions.h; sourceTree = "<group>"; };
		B2CCABCA242C3D7F00B09164 /* Info.plist */ = {isa = PBXFileReference; fileEncoding = 4; lastKnownFileType = text.plist.xml; path = Info.plist; sourceTree = "<group>"; };
		B2CCABCB242C3D7F00B09164 /* SpriteKitExtensions.xcodeproj */ = {isa = PBXFileReference; lastKnownFileType = "wrapper.pb-project"; path = SpriteKitExtensions.xcodeproj; sourceTree = "<group>"; };
		B2CCABD6242C400400B09164 /* StackNode.swift */ = {isa = PBXFileReference; lastKnownFileType = sourcecode.swift; path = StackNode.swift; sourceTree = "<group>"; };
		B2CCABD8242C402900B09164 /* CollectionNode.swift */ = {isa = PBXFileReference; lastKnownFileType = sourcecode.swift; path = CollectionNode.swift; sourceTree = "<group>"; };
/* End PBXFileReference section */

/* Begin PBXFrameworksBuildPhase section */
		B2296A1F2427F14F00362B05 /* Frameworks */ = {
			isa = PBXFrameworksBuildPhase;
			buildActionMask = 2147483647;
			files = (
				B29457C1242DB77A00E9E4D7 /* SpriteKitExtensions.framework in Frameworks */,
			);
			runOnlyForDeploymentPostprocessing = 0;
		};
/* End PBXFrameworksBuildPhase section */

/* Begin PBXGroup section */
		B2296A192427F14F00362B05 = {
			isa = PBXGroup;
			children = (
				B2296A242427F14F00362B05 /* ShapeFit */,
				B2296A232427F14F00362B05 /* Products */,
				B29457BA242DB4F900E9E4D7 /* Frameworks */,
			);
			sourceTree = "<group>";
		};
		B2296A232427F14F00362B05 /* Products */ = {
			isa = PBXGroup;
			children = (
				B2296A222427F14F00362B05 /* ShapeFit.app */,
			);
			name = Products;
			sourceTree = "<group>";
		};
		B2296A242427F14F00362B05 /* ShapeFit */ = {
			isa = PBXGroup;
			children = (
				B2C82B29242AE18C0081AE00 /* Main */,
				B2C82B2A242AE1930081AE00 /* ViewControllers */,
				B2C82B2B242AE1AA0081AE00 /* GameScenes */,
				B24E32DC2428019300698A95 /* Objects */,
				B2C82B22242ACFE60081AE00 /* Extensions */,
				B2296A372427F15100362B05 /* Info.plist */,
				B2C82B2C242AE2040081AE00 /* AppResources */,
				B2C82AD7242A8C400081AE00 /* AdditionalFiles */,
			);
			path = ShapeFit;
			sourceTree = "<group>";
		};
		B24DC011242ED562002CAFEA /* LPRFixedWidthLabelNode */ = {
			isa = PBXGroup;
			children = (
				B24DC013242ED581002CAFEA /* LPRFixedWidthLabelNode.m */,
				B24DC012242ED581002CAFEA /* ShapeFit-Bridging-Header.h */,
			);
			path = LPRFixedWidthLabelNode;
			sourceTree = "<group>";
		};
		B24E32DC2428019300698A95 /* Objects */ = {
			isa = PBXGroup;
			children = (
				B2C82B28242AE1630081AE00 /* Score */,
				B2C82B27242AE1530081AE00 /* Spinner */,
				B2C82B26242AE1430081AE00 /* Shapes */,
				B2ABFFFE242B0CEB00F5E06A /* Physics.swift */,
				B24DC015242ED8D1002CAFEA /* GameGestures.swift */,
			);
			path = Objects;
			sourceTree = "<group>";
		};
		B274E2E624313F480084E0B6 /* Fonts */ = {
			isa = PBXGroup;
			children = (
				B29D9B242431A3DD008F36B6 /* VAGRoundedStd-Black.otf */,
				B29D9B232431A3DD008F36B6 /* VAGRoundedStd-Bold.otf */,
				B29D9B252431A3DD008F36B6 /* VAGRoundedStd-Light.otf */,
				B274E2E724313F490084E0B6 /* Roboto-Light.ttf */,
				B274E2E824313F490084E0B6 /* Roboto-Bold.ttf */,
				B274E2E924313F490084E0B6 /* Roboto-Black.ttf */,
			);
			path = Fonts;
			sourceTree = "<group>";
		};
		B274E2ED243141FF0084E0B6 /* Sounds */ = {
			isa = PBXGroup;
			children = (
				B274E2EE243141FF0084E0B6 /* shape_failure.wav */,
				B274E2EF243141FF0084E0B6 /* shape_success.wav */,
				B274E2F0243141FF0084E0B6 /* shape_special.wav */,
				B274E2F1243141FF0084E0B6 /* button_down.wav */,
				B274E2F2243141FF0084E0B6 /* button_up.wav */,
				B274E2F3243141FF0084E0B6 /* spinner_turn.wav */,
			);
			path = Sounds;
			sourceTree = "<group>";
		};
		B29457BA242DB4F900E9E4D7 /* Frameworks */ = {
			isa = PBXGroup;
			children = (
			);
			name = Frameworks;
			sourceTree = "<group>";
		};
		B2A4A79E242BD122004E9BB1 /* UpdateTimer */ = {
			isa = PBXGroup;
			children = (
				B2A4A79F242BD131004E9BB1 /* UpdateTimer.swift */,
			);
			path = UpdateTimer;
			sourceTree = "<group>";
		};
		B2C82AD7242A8C400081AE00 /* AdditionalFiles */ = {
			isa = PBXGroup;
			children = (
				B24DC011242ED562002CAFEA /* LPRFixedWidthLabelNode */,
				B2CCABC7242C3D7F00B09164 /* SpriteKitExtensions */,
				B2CCABAC242C390800B09164 /* GCHelper */,
				B2A4A79E242BD122004E9BB1 /* UpdateTimer */,
				B2C82B09242A9B7D0081AE00 /* SKTUtils */,
			);
			path = AdditionalFiles;
			sourceTree = "<group>";
		};
		B2C82B09242A9B7D0081AE00 /* SKTUtils */ = {
			isa = PBXGroup;
			children = (
				B2C82B0A242A9B7D0081AE00 /* SKColor+Extensions.swift */,
				B2C82B0B242A9B7D0081AE00 /* CGVector+Extensions.swift */,
				B2C82B0C242A9B7D0081AE00 /* Int+Extensions.swift */,
				B2C82B0D242A9B7D0081AE00 /* SKTTimingFunctions.swift */,
				B2C82B0E242A9B7D0081AE00 /* SKAction+Extensions.swift */,
				B2C82B0F242A9B7D0081AE00 /* SKAction+SpecialEffects.swift */,
				B2C82B10242A9B7D0081AE00 /* SKNode+Extensions.swift */,
				B2C82B11242A9B7D0081AE00 /* CGPoint+Extensions.swift */,
				B2C82B12242A9B7D0081AE00 /* SKTEffects.swift */,
				B2C82B13242A9B7D0081AE00 /* SKTAudio.swift */,
				B2C82B14242A9B7D0081AE00 /* Vector3.swift */,
				B2C82B15242A9B7D0081AE00 /* CGFloat+Extensions.swift */,
			);
			path = SKTUtils;
			sourceTree = "<group>";
		};
		B2C82B22242ACFE60081AE00 /* Extensions */ = {
			isa = PBXGroup;
			children = (
				B2C82B23242AD2520081AE00 /* UIBezierShapePathExtension.swift */,
				B2ABFFF2242B080A00F5E06A /* ConfigureTexture.swift */,
				B2ABFFF4242B082000F5E06A /* TextureActions.swift */,
				B2ABFFF0242B07D400F5E06A /* TextureExtension.swift */,
				B2ABFFFA242B09FD00F5E06A /* RandomNumber.swift */,
				B2AB0002242B14F700F5E06A /* UIImageExtension.swift */,
				B2A4A79A242BCA50004E9BB1 /* UIViewResize.swift */,
				B2A4A79C242BCBFF004E9BB1 /* Doubles+Floats.swift */,
				B2A4A7A1242BD1B2004E9BB1 /* DelayinTimer.swift */,
				B2CCABA8242C381D00B09164 /* SoundExtension.swift */,
				B2CCABAA242C38BB00B09164 /* DisappearandAppearExtension.swift */,
			);
			path = Extensions;
			sourceTree = "<group>";
		};
		B2C82B26242AE1430081AE00 /* Shapes */ = {
			isa = PBXGroup;
			children = (
				B24E32DD242801B400698A95 /* Shape.swift */,
				B262EB3024286CCD0065787C /* ShapeTypeTrajectories.swift */,
				B262EB3224286D5C0065787C /* ShapeTypeProperties.swift */,
				B262EB3424286D700065787C /* ShapeTypes.swift */,
			);
			path = Shapes;
			sourceTree = "<group>";
		};
		B2C82B27242AE1530081AE00 /* Spinner */ = {
			isa = PBXGroup;
			children = (
				B2ABFFEE242B056D00F5E06A /* Spinner.swift */,
				B2ABFFFC242B0CCE00F5E06A /* SpinnerFunctions.swift */,
			);
			path = Spinner;
			sourceTree = "<group>";
		};
		B2C82B28242AE1630081AE00 /* Score */ = {
			isa = PBXGroup;
			children = (
				B24DBFFF242ECC34002CAFEA /* Score.swift */,
				B24DC001242ECC58002CAFEA /* ScoreStorage.swift */,
				B24DC003242ECC70002CAFEA /* ScoreDisplay.swift */,
			);
			path = Score;
			sourceTree = "<group>";
		};
		B2C82B29242AE18C0081AE00 /* Main */ = {
			isa = PBXGroup;
			children = (
				B2296A252427F14F00362B05 /* AppDelegate.swift */,
				B2ABFFF6242B088200F5E06A /* AppColors.swift */,
				B2ABFFF8242B095000F5E06A /* AppCache.swift */,
				B2AB0000242B0F6500F5E06A /* BuildMode.swift */,
				B24DC005242ECF8C002CAFEA /* AppPersistance.swift */,
				B24DC007242ECF9C002CAFEA /* AppDefines.swift */,
			);
			path = Main;
			sourceTree = "<group>";
		};
		B2C82B2A242AE1930081AE00 /* ViewControllers */ = {
			isa = PBXGroup;
			children = (
				B2A4A798242BCA15004E9BB1 /* MainGameViewController.swift */,
				B2A4A7A9242BD2A7004E9BB1 /* ScreenViewController.swift */,
				B2A4A7A7242BD29B004E9BB1 /* Screen.xib */,
			);
			path = ViewControllers;
			sourceTree = "<group>";
		};
		B2C82B2B242AE1AA0081AE00 /* GameScenes */ = {
			isa = PBXGroup;
			children = (
				B2CCABA6242C373400B09164 /* IntialScene.swift */,
				B24DBFFC242ECC18002CAFEA /* MainGameScene.swift */,
				B25174EF24300B0D00286385 /* ShareScene.swift */,
			);
			path = GameScenes;
			sourceTree = "<group>";
		};
		B2C82B2C242AE2040081AE00 /* AppResources */ = {
			isa = PBXGroup;
			children = (
				B274E2ED243141FF0084E0B6 /* Sounds */,
				B274E2E624313F480084E0B6 /* Fonts */,
				B2296A322427F15100362B05 /* Assets.xcassets */,
				B2296A342427F15100362B05 /* LaunchScreen.storyboard */,
				B29D9B2E2431AD36008F36B6 /* Localizable.strings */,
			);
			path = AppResources;
			sourceTree = "<group>";
		};
		B2CCABAC242C390800B09164 /* GCHelper */ = {
			isa = PBXGroup;
			children = (
				B2CCABAD242C392100B09164 /* GCHelper.swift */,
				B2CCABAF242C397800B09164 /* App-Bridging-Header.h */,
			);
			path = GCHelper;
			sourceTree = "<group>";
		};
		B2CCABC7242C3D7F00B09164 /* SpriteKitExtensions */ = {
			isa = PBXGroup;
			children = (
				B2CCABC8242C3D7F00B09164 /* SpriteKitExtensions */,
				B2CCABCB242C3D7F00B09164 /* SpriteKitExtensions.xcodeproj */,
			);
			path = SpriteKitExtensions;
			sourceTree = "<group>";
		};
		B2CCABC8242C3D7F00B09164 /* SpriteKitExtensions */ = {
			isa = PBXGroup;
			children = (
				B2CCABD5242C3DE400B09164 /* Structure */,
				B2CCABD4242C3DDC00B09164 /* Controls */,
				B2CCABC9242C3D7F00B09164 /* SpriteKitExtensions.h */,
				B2CCABCA242C3D7F00B09164 /* Info.plist */,
			);
			path = SpriteKitExtensions;
			sourceTree = "<group>";
		};
		B2CCABCC242C3D7F00B09164 /* Products */ = {
			isa = PBXGroup;
			children = (
				B2CCABD0242C3D7F00B09164 /* SpriteKitExtensions.framework */,
			);
			name = Products;
			sourceTree = "<group>";
		};
		B2CCABD4242C3DDC00B09164 /* Controls */ = {
			isa = PBXGroup;
			children = (
				B29457B0242DACFF00E9E4D7 /* Button.swift */,
				B29457AE242DACFF00E9E4D7 /* Control.swift */,
				B29457AC242DACFF00E9E4D7 /* ControlHelpers.swift */,
				B29457B1242DAD0000E9E4D7 /* ControlTypes.swift */,
				B29457AF242DACFF00E9E4D7 /* Switch.swift */,
			);
			path = Controls;
			sourceTree = "<group>";
		};
		B2CCABD5242C3DE400B09164 /* Structure */ = {
			isa = PBXGroup;
			children = (
				B2CCABD6242C400400B09164 /* StackNode.swift */,
				B2CCABD8242C402900B09164 /* CollectionNode.swift */,
			);
			path = Structure;
			sourceTree = "<group>";
		};
/* End PBXGroup section */

/* Begin PBXNativeTarget section */
		B2296A212427F14F00362B05 /* ShapeFit */ = {
			isa = PBXNativeTarget;
			buildConfigurationList = B2296A3A2427F15100362B05 /* Build configuration list for PBXNativeTarget "ShapeFit" */;
			buildPhases = (
				B2296A1E2427F14F00362B05 /* Sources */,
				B2296A1F2427F14F00362B05 /* Frameworks */,
				B2296A202427F14F00362B05 /* Resources */,
				B29457C3242DB77A00E9E4D7 /* Embed Frameworks */,
			);
			buildRules = (
			);
			dependencies = (
				B24DC00B242ED109002CAFEA /* PBXTargetDependency */,
			);
			name = ShapeFit;
			productName = ShapeFit;
			productReference = B2296A222427F14F00362B05 /* ShapeFit.app */;
			productType = "com.apple.product-type.application";
		};
/* End PBXNativeTarget section */

/* Begin PBXProject section */
		B2296A1A2427F14F00362B05 /* Project object */ = {
			isa = PBXProject;
			attributes = {
				LastSwiftUpdateCheck = 1110;
				LastUpgradeCheck = 1110;
				ORGANIZATIONNAME = Ankith;
				TargetAttributes = {
					B2296A212427F14F00362B05 = {
						CreatedOnToolsVersion = 11.1;
						LastSwiftMigration = 1110;
					};
				};
			};
			buildConfigurationList = B2296A1D2427F14F00362B05 /* Build configuration list for PBXProject "ShapeFit" */;
			compatibilityVersion = "Xcode 9.3";
			developmentRegion = en;
			hasScannedForEncodings = 0;
			knownRegions = (
				en,
				Base,
			);
			mainGroup = B2296A192427F14F00362B05;
			productRefGroup = B2296A232427F14F00362B05 /* Products */;
			projectDirPath = "";
			projectReferences = (
				{
					ProductGroup = B2CCABCC242C3D7F00B09164 /* Products */;
					ProjectRef = B2CCABCB242C3D7F00B09164 /* SpriteKitExtensions.xcodeproj */;
				},
			);
			projectRoot = "";
			targets = (
				B2296A212427F14F00362B05 /* ShapeFit */,
			);
		};
/* End PBXProject section */

/* Begin PBXReferenceProxy section */
		B2CCABD0242C3D7F00B09164 /* SpriteKitExtensions.framework */ = {
			isa = PBXReferenceProxy;
			fileType = wrapper.framework;
			path = SpriteKitExtensions.framework;
			remoteRef = B2CCABCF242C3D7F00B09164 /* PBXContainerItemProxy */;
			sourceTree = BUILT_PRODUCTS_DIR;
		};
/* End PBXReferenceProxy section */

/* Begin PBXResourcesBuildPhase section */
		B2296A202427F14F00362B05 /* Resources */ = {
			isa = PBXResourcesBuildPhase;
			buildActionMask = 2147483647;
			files = (
				B274E2F4243141FF0084E0B6 /* shape_failure.wav in Resources */,
				B274E2F8243141FF0084E0B6 /* button_up.wav in Resources */,
				B29D9B262431A3DD008F36B6 /* VAGRoundedStd-Bold.otf in Resources */,
				B29D9B2C2431AD36008F36B6 /* Localizable.strings in Resources */,
				B2A4A7A8242BD29B004E9BB1 /* Screen.xib in Resources */,
				B274E2F9243141FF0084E0B6 /* spinner_turn.wav in Resources */,
				B2296A332427F15100362B05 /* Assets.xcassets in Resources */,
				B274E2EB24313F490084E0B6 /* Roboto-Bold.ttf in Resources */,
				B274E2EA24313F490084E0B6 /* Roboto-Light.ttf in Resources */,
				B29D9B282431A3DD008F36B6 /* VAGRoundedStd-Light.otf in Resources */,
				B274E2F6243141FF0084E0B6 /* shape_special.wav in Resources */,
				B274E2F7243141FF0084E0B6 /* button_down.wav in Resources */,
				B29D9B272431A3DD008F36B6 /* VAGRoundedStd-Black.otf in Resources */,
				B2296A362427F15100362B05 /* LaunchScreen.storyboard in Resources */,
				B274E2F5243141FF0084E0B6 /* shape_success.wav in Resources */,
				B274E2EC24313F490084E0B6 /* Roboto-Black.ttf in Resources */,
			);
			runOnlyForDeploymentPostprocessing = 0;
		};
/* End PBXResourcesBuildPhase section */

/* Begin PBXSourcesBuildPhase section */
		B2296A1E2427F14F00362B05 /* Sources */ = {
			isa = PBXSourcesBuildPhase;
			buildActionMask = 2147483647;
			files = (
				B262EB3124286CCD0065787C /* ShapeTypeTrajectories.swift in Sources */,
				B2C82B1A242A9B7D0081AE00 /* SKAction+Extensions.swift in Sources */,
				B2C82B19242A9B7D0081AE00 /* SKTTimingFunctions.swift in Sources */,
				B2C82B17242A9B7D0081AE00 /* CGVector+Extensions.swift in Sources */,
				B2C82B1D242A9B7D0081AE00 /* CGPoint+Extensions.swift in Sources */,
				B2A4A7A0242BD131004E9BB1 /* UpdateTimer.swift in Sources */,
				B24DBFFD242ECC18002CAFEA /* MainGameScene.swift in Sources */,
				B24DC014242ED581002CAFEA /* LPRFixedWidthLabelNode.m in Sources */,
				B2ABFFF7242B088300F5E06A /* AppColors.swift in Sources */,
				B2CCABA7242C373400B09164 /* IntialScene.swift in Sources */,
				B2A4A7AA242BD2A7004E9BB1 /* ScreenViewController.swift in Sources */,
				B24DC008242ECF9D002CAFEA /* AppDefines.swift in Sources */,
				B2C82B1B242A9B7D0081AE00 /* SKAction+SpecialEffects.swift in Sources */,
				B2CCABAB242C38BB00B09164 /* DisappearandAppearExtension.swift in Sources */,
				B2C82B1F242A9B7D0081AE00 /* SKTAudio.swift in Sources */,
				B2A4A79B242BCA50004E9BB1 /* UIViewResize.swift in Sources */,
				B2ABFFEF242B056D00F5E06A /* Spinner.swift in Sources */,
				B2C82B24242AD2520081AE00 /* UIBezierShapePathExtension.swift in Sources */,
				B2C82B1C242A9B7D0081AE00 /* SKNode+Extensions.swift in Sources */,
				B2AB0001242B0F6500F5E06A /* BuildMode.swift in Sources */,
				B2C82B1E242A9B7D0081AE00 /* SKTEffects.swift in Sources */,
				B2ABFFF5242B082000F5E06A /* TextureActions.swift in Sources */,
				B2C82B16242A9B7D0081AE00 /* SKColor+Extensions.swift in Sources */,
				B2A4A799242BCA15004E9BB1 /* MainGameViewController.swift in Sources */,
				B24DC006242ECF8C002CAFEA /* AppPersistance.swift in Sources */,
				B2CCABAE242C392100B09164 /* GCHelper.swift in Sources */,
				B2A4A7A2242BD1B2004E9BB1 /* DelayinTimer.swift in Sources */,
				B2A4A79D242BCBFF004E9BB1 /* Doubles+Floats.swift in Sources */,
				B25174F024300B0D00286385 /* ShareScene.swift in Sources */,
				B2ABFFF9242B095000F5E06A /* AppCache.swift in Sources */,
				B2ABFFFD242B0CCE00F5E06A /* SpinnerFunctions.swift in Sources */,
				B2296A262427F14F00362B05 /* AppDelegate.swift in Sources */,
				B24DC000242ECC34002CAFEA /* Score.swift in Sources */,
				B262EB3324286D5C0065787C /* ShapeTypeProperties.swift in Sources */,
				B2AB0003242B14F700F5E06A /* UIImageExtension.swift in Sources */,
				B2CCABA9242C381D00B09164 /* SoundExtension.swift in Sources */,
				B2ABFFFB242B09FD00F5E06A /* RandomNumber.swift in Sources */,
				B24DC002242ECC58002CAFEA /* ScoreStorage.swift in Sources */,
				B24DC004242ECC70002CAFEA /* ScoreDisplay.swift in Sources */,
				B2C82B18242A9B7D0081AE00 /* Int+Extensions.swift in Sources */,
				B2ABFFF1242B07D400F5E06A /* TextureExtension.swift in Sources */,
				B262EB3524286D700065787C /* ShapeTypes.swift in Sources */,
				B2C82B21242A9B7D0081AE00 /* CGFloat+Extensions.swift in Sources */,
				B2ABFFF3242B080A00F5E06A /* ConfigureTexture.swift in Sources */,
				B2C82B20242A9B7D0081AE00 /* Vector3.swift in Sources */,
				B24E32DE242801B400698A95 /* Shape.swift in Sources */,
				B2ABFFFF242B0CEB00F5E06A /* Physics.swift in Sources */,
				B24DC016242ED8D1002CAFEA /* GameGestures.swift in Sources */,
			);
			runOnlyForDeploymentPostprocessing = 0;
		};
/* End PBXSourcesBuildPhase section */

/* Begin PBXTargetDependency section */
		B24DC00B242ED109002CAFEA /* PBXTargetDependency */ = {
			isa = PBXTargetDependency;
			name = SpriteKitExtensions;
			targetProxy = B24DC00A242ED109002CAFEA /* PBXContainerItemProxy */;
		};
/* End PBXTargetDependency section */

/* Begin PBXVariantGroup section */
		B2296A342427F15100362B05 /* LaunchScreen.storyboard */ = {
			isa = PBXVariantGroup;
			children = (
				B2296A352427F15100362B05 /* Base */,
			);
			name = LaunchScreen.storyboard;
			sourceTree = "<group>";
		};
		B29D9B2E2431AD36008F36B6 /* Localizable.strings */ = {
			isa = PBXVariantGroup;
			children = (
				B29D9B2D2431AD36008F36B6 /* en */,
			);
			name = Localizable.strings;
			sourceTree = "<group>";
		};
/* End PBXVariantGroup section */

/* Begin XCBuildConfiguration section */
		B2296A382427F15100362B05 /* Debug */ = {
			isa = XCBuildConfiguration;
			buildSettings = {
				ALWAYS_SEARCH_USER_PATHS = NO;
				CLANG_ANALYZER_NONNULL = YES;
				CLANG_ANALYZER_NUMBER_OBJECT_CONVERSION = YES_AGGRESSIVE;
				CLANG_CXX_LANGUAGE_STANDARD = "gnu++14";
				CLANG_CXX_LIBRARY = "libc++";
				CLANG_ENABLE_MODULES = YES;
				CLANG_ENABLE_OBJC_ARC = YES;
				CLANG_ENABLE_OBJC_WEAK = YES;
				CLANG_WARN_BLOCK_CAPTURE_AUTORELEASING = YES;
				CLANG_WARN_BOOL_CONVERSION = YES;
				CLANG_WARN_COMMA = YES;
				CLANG_WARN_CONSTANT_CONVERSION = YES;
				CLANG_WARN_DEPRECATED_OBJC_IMPLEMENTATIONS = YES;
				CLANG_WARN_DIRECT_OBJC_ISA_USAGE = YES_ERROR;
				CLANG_WARN_DOCUMENTATION_COMMENTS = YES;
				CLANG_WARN_EMPTY_BODY = YES;
				CLANG_WARN_ENUM_CONVERSION = YES;
				CLANG_WARN_INFINITE_RECURSION = YES;
				CLANG_WARN_INT_CONVERSION = YES;
				CLANG_WARN_NON_LITERAL_NULL_CONVERSION = YES;
				CLANG_WARN_OBJC_IMPLICIT_RETAIN_SELF = YES;
				CLANG_WARN_OBJC_LITERAL_CONVERSION = YES;
				CLANG_WARN_OBJC_ROOT_CLASS = YES_ERROR;
				CLANG_WARN_RANGE_LOOP_ANALYSIS = YES;
				CLANG_WARN_STRICT_PROTOTYPES = YES;
				CLANG_WARN_SUSPICIOUS_MOVE = YES;
				CLANG_WARN_UNGUARDED_AVAILABILITY = YES_AGGRESSIVE;
				CLANG_WARN_UNREACHABLE_CODE = YES;
				CLANG_WARN__DUPLICATE_METHOD_MATCH = YES;
				COPY_PHASE_STRIP = NO;
				DEBUG_INFORMATION_FORMAT = dwarf;
				ENABLE_STRICT_OBJC_MSGSEND = YES;
				ENABLE_TESTABILITY = YES;
				GCC_C_LANGUAGE_STANDARD = gnu11;
				GCC_DYNAMIC_NO_PIC = NO;
				GCC_NO_COMMON_BLOCKS = YES;
				GCC_OPTIMIZATION_LEVEL = 0;
				GCC_PREPROCESSOR_DEFINITIONS = (
					"DEBUG=1",
					"$(inherited)",
				);
				GCC_WARN_64_TO_32_BIT_CONVERSION = YES;
				GCC_WARN_ABOUT_RETURN_TYPE = YES_ERROR;
				GCC_WARN_UNDECLARED_SELECTOR = YES;
				GCC_WARN_UNINITIALIZED_AUTOS = YES_AGGRESSIVE;
				GCC_WARN_UNUSED_FUNCTION = YES;
				GCC_WARN_UNUSED_VARIABLE = YES;
				IPHONEOS_DEPLOYMENT_TARGET = 13.1;
				MTL_ENABLE_DEBUG_INFO = INCLUDE_SOURCE;
				MTL_FAST_MATH = YES;
				ONLY_ACTIVE_ARCH = YES;
				SDKROOT = iphoneos;
				SWIFT_ACTIVE_COMPILATION_CONDITIONS = DEBUG;
				SWIFT_OPTIMIZATION_LEVEL = "-Onone";
			};
			name = Debug;
		};
		B2296A392427F15100362B05 /* Release */ = {
			isa = XCBuildConfiguration;
			buildSettings = {
				ALWAYS_SEARCH_USER_PATHS = NO;
				CLANG_ANALYZER_NONNULL = YES;
				CLANG_ANALYZER_NUMBER_OBJECT_CONVERSION = YES_AGGRESSIVE;
				CLANG_CXX_LANGUAGE_STANDARD = "gnu++14";
				CLANG_CXX_LIBRARY = "libc++";
				CLANG_ENABLE_MODULES = YES;
				CLANG_ENABLE_OBJC_ARC = YES;
				CLANG_ENABLE_OBJC_WEAK = YES;
				CLANG_WARN_BLOCK_CAPTURE_AUTORELEASING = YES;
				CLANG_WARN_BOOL_CONVERSION = YES;
				CLANG_WARN_COMMA = YES;
				CLANG_WARN_CONSTANT_CONVERSION = YES;
				CLANG_WARN_DEPRECATED_OBJC_IMPLEMENTATIONS = YES;
				CLANG_WARN_DIRECT_OBJC_ISA_USAGE = YES_ERROR;
				CLANG_WARN_DOCUMENTATION_COMMENTS = YES;
				CLANG_WARN_EMPTY_BODY = YES;
				CLANG_WARN_ENUM_CONVERSION = YES;
				CLANG_WARN_INFINITE_RECURSION = YES;
				CLANG_WARN_INT_CONVERSION = YES;
				CLANG_WARN_NON_LITERAL_NULL_CONVERSION = YES;
				CLANG_WARN_OBJC_IMPLICIT_RETAIN_SELF = YES;
				CLANG_WARN_OBJC_LITERAL_CONVERSION = YES;
				CLANG_WARN_OBJC_ROOT_CLASS = YES_ERROR;
				CLANG_WARN_RANGE_LOOP_ANALYSIS = YES;
				CLANG_WARN_STRICT_PROTOTYPES = YES;
				CLANG_WARN_SUSPICIOUS_MOVE = YES;
				CLANG_WARN_UNGUARDED_AVAILABILITY = YES_AGGRESSIVE;
				CLANG_WARN_UNREACHABLE_CODE = YES;
				CLANG_WARN__DUPLICATE_METHOD_MATCH = YES;
				COPY_PHASE_STRIP = NO;
				DEBUG_INFORMATION_FORMAT = "dwarf-with-dsym";
				ENABLE_NS_ASSERTIONS = NO;
				ENABLE_STRICT_OBJC_MSGSEND = YES;
				GCC_C_LANGUAGE_STANDARD = gnu11;
				GCC_NO_COMMON_BLOCKS = YES;
				GCC_WARN_64_TO_32_BIT_CONVERSION = YES;
				GCC_WARN_ABOUT_RETURN_TYPE = YES_ERROR;
				GCC_WARN_UNDECLARED_SELECTOR = YES;
				GCC_WARN_UNINITIALIZED_AUTOS = YES_AGGRESSIVE;
				GCC_WARN_UNUSED_FUNCTION = YES;
				GCC_WARN_UNUSED_VARIABLE = YES;
				IPHONEOS_DEPLOYMENT_TARGET = 13.1;
				MTL_ENABLE_DEBUG_INFO = NO;
				MTL_FAST_MATH = YES;
				SDKROOT = iphoneos;
				SWIFT_COMPILATION_MODE = wholemodule;
				SWIFT_OPTIMIZATION_LEVEL = "-O";
				VALIDATE_PRODUCT = YES;
			};
			name = Release;
		};
		B2296A3B2427F15100362B05 /* Debug */ = {
			isa = XCBuildConfiguration;
			buildSettings = {
				ASSETCATALOG_COMPILER_APPICON_NAME = AppIcon;
				CLANG_ENABLE_MODULES = YES;
				CODE_SIGN_STYLE = Automatic;
				DEVELOPMENT_TEAM = 3U3SNC9LRZ;
				INFOPLIST_FILE = ShapeFit/Info.plist;
				IPHONEOS_DEPLOYMENT_TARGET = 13.4;
				LD_RUNPATH_SEARCH_PATHS = (
					"$(inherited)",
					"@executable_path/Frameworks",
				);
				PRODUCT_BUNDLE_IDENTIFIER = monkeyank.ShapeFit;
				PRODUCT_NAME = "$(TARGET_NAME)";
				SWIFT_OBJC_BRIDGING_HEADER = "ShapeFit/AdditionalFiles/LPRFixedWidthLabelNode/ShapeFit-Bridging-Header.h";
				SWIFT_OPTIMIZATION_LEVEL = "-Onone";
				SWIFT_VERSION = 5.0;
				TARGETED_DEVICE_FAMILY = "1,2";
			};
			name = Debug;
		};
		B2296A3C2427F15100362B05 /* Release */ = {
			isa = XCBuildConfiguration;
			buildSettings = {
				ASSETCATALOG_COMPILER_APPICON_NAME = AppIcon;
				CLANG_ENABLE_MODULES = YES;
				CODE_SIGN_STYLE = Automatic;
				DEVELOPMENT_TEAM = 3U3SNC9LRZ;
				INFOPLIST_FILE = ShapeFit/Info.plist;
				IPHONEOS_DEPLOYMENT_TARGET = 13.4;
				LD_RUNPATH_SEARCH_PATHS = (
					"$(inherited)",
					"@executable_path/Frameworks",
				);
				PRODUCT_BUNDLE_IDENTIFIER = monkeyank.ShapeFit;
				PRODUCT_NAME = "$(TARGET_NAME)";
				SWIFT_OBJC_BRIDGING_HEADER = "ShapeFit/AdditionalFiles/LPRFixedWidthLabelNode/ShapeFit-Bridging-Header.h";
				SWIFT_VERSION = 5.0;
				TARGETED_DEVICE_FAMILY = "1,2";
			};
			name = Release;
		};
/* End XCBuildConfiguration section */

/* Begin XCConfigurationList section */
		B2296A1D2427F14F00362B05 /* Build configuration list for PBXProject "ShapeFit" */ = {
			isa = XCConfigurationList;
			buildConfigurations = (
				B2296A382427F15100362B05 /* Debug */,
				B2296A392427F15100362B05 /* Release */,
			);
			defaultConfigurationIsVisible = 0;
			defaultConfigurationName = Release;
		};
		B2296A3A2427F15100362B05 /* Build configuration list for PBXNativeTarget "ShapeFit" */ = {
			isa = XCConfigurationList;
			buildConfigurations = (
				B2296A3B2427F15100362B05 /* Debug */,
				B2296A3C2427F15100362B05 /* Release */,
			);
			defaultConfigurationIsVisible = 0;
			defaultConfigurationName = Release;
		};
/* End XCConfigurationList section */
	};
	rootObject = B2296A1A2427F14F00362B05 /* Project object */;
}
